// !$*UTF8*$!
{
	archiveVersion = 1;
	classes = {
	};
	objectVersion = 46;
	objects = {

/* Begin PBXBuildFile section */
		023CEA36F88042EF998F5F66 /* libPods.a in Frameworks */ = {isa = PBXBuildFile; fileRef = 7C842395C1AA4059895F19C5 /* libPods.a */; };
		290481BE150433CE0066002B /* ProductItemsTableViewController.xib in Resources */ = {isa = PBXBuildFile; fileRef = 290481BD150433CE0066002B /* ProductItemsTableViewController.xib */; };
		290CF8B01541E65A00E1B81F /* ServicesForBusinessTableViewController.xib in Resources */ = {isa = PBXBuildFile; fileRef = 290CF8AF1541E65A00E1B81F /* ServicesForBusinessTableViewController.xib */; };
		291850CA153E8DA8008B6EBB /* DetailBusinessViewController.m in Sources */ = {isa = PBXBuildFile; fileRef = 291850C8153E8DA8008B6EBB /* DetailBusinessViewController.m */; };
		2925109414ECC1C300866384 /* CoffeeStore.jpg in Resources */ = {isa = PBXBuildFile; fileRef = 2925109314ECC1C300866384 /* CoffeeStore.jpg */; };
		2935D2991569E842003FB5CB /* LoginViewController.xib in Resources */ = {isa = PBXBuildFile; fileRef = 2935D2981569E842003FB5CB /* LoginViewController.xib */; };
		29397892157B607600D3D23D /* BubbleLefthand.png in Resources */ = {isa = PBXBuildFile; fileRef = 29397890157B607600D3D23D /* BubbleLefthand.png */; };
		29397893157B607600D3D23D /* BubbleRighthand.png in Resources */ = {isa = PBXBuildFile; fileRef = 29397891157B607600D3D23D /* BubbleRighthand.png */; };
		293FA98D1595BF8B00B6A29F /* Messages.png in Resources */ = {isa = PBXBuildFile; fileRef = 293FA98B1595BF8B00B6A29F /* Messages.png */; };
		293FA98E1595BF8B00B6A29F /* Messages@2x.png in Resources */ = {isa = PBXBuildFile; fileRef = 293FA98C1595BF8B00B6A29F /* Messages@2x.png */; };
		29403658159E66E000487779 /* ProfileTabBarIcon.png in Resources */ = {isa = PBXBuildFile; fileRef = 29403656159E66E000487779 /* ProfileTabBarIcon.png */; };
		29403659159E66E000487779 /* ProfileTabBarIcon@2x.png in Resources */ = {isa = PBXBuildFile; fileRef = 29403657159E66E000487779 /* ProfileTabBarIcon@2x.png */; };
		29449C7B14C5860B004D8538 /* House_woody_cat_table.jpg in Resources */ = {isa = PBXBuildFile; fileRef = 29449C7A14C5860B004D8538 /* House_woody_cat_table.jpg */; };
		29496BDD15EFDE1200127A05 /* ImageIO.framework in Frameworks */ = {isa = PBXBuildFile; fileRef = 29496BDC15EFDE1200127A05 /* ImageIO.framework */; };
		2949CC3A14589C7200728B87 /* UIKit.framework in Frameworks */ = {isa = PBXBuildFile; fileRef = 2949CC3914589C7200728B87 /* UIKit.framework */; };
		2949CC3C14589C7200728B87 /* Foundation.framework in Frameworks */ = {isa = PBXBuildFile; fileRef = 2949CC3B14589C7200728B87 /* Foundation.framework */; };
		2949CC4014589C7200728B87 /* CoreData.framework in Frameworks */ = {isa = PBXBuildFile; fileRef = 2949CC3F14589C7200728B87 /* CoreData.framework */; };
		2949CC4614589C7200728B87 /* InfoPlist.strings in Resources */ = {isa = PBXBuildFile; fileRef = 2949CC4414589C7200728B87 /* InfoPlist.strings */; };
		2949CC4814589C7200728B87 /* main.m in Sources */ = {isa = PBXBuildFile; fileRef = 2949CC4714589C7200728B87 /* main.m */; };
		2949CC4F14589C7200728B87 /* TapTalk.xcdatamodeld in Sources */ = {isa = PBXBuildFile; fileRef = 2949CC4D14589C7200728B87 /* TapTalk.xcdatamodeld */; };
		2949CC5714589C7200728B87 /* SenTestingKit.framework in Frameworks */ = {isa = PBXBuildFile; fileRef = 2949CC5614589C7200728B87 /* SenTestingKit.framework */; };
		2949CC5814589C7200728B87 /* UIKit.framework in Frameworks */ = {isa = PBXBuildFile; fileRef = 2949CC3914589C7200728B87 /* UIKit.framework */; };
		2949CC5914589C7200728B87 /* Foundation.framework in Frameworks */ = {isa = PBXBuildFile; fileRef = 2949CC3B14589C7200728B87 /* Foundation.framework */; };
		2949CC5A14589C7200728B87 /* CoreData.framework in Frameworks */ = {isa = PBXBuildFile; fileRef = 2949CC3F14589C7200728B87 /* CoreData.framework */; };
		2949CC6214589C7200728B87 /* InfoPlist.strings in Resources */ = {isa = PBXBuildFile; fileRef = 2949CC6014589C7200728B87 /* InfoPlist.strings */; };
		2949CC6514589C7200728B87 /* TapTalkTests.m in Sources */ = {isa = PBXBuildFile; fileRef = 2949CC6414589C7200728B87 /* TapTalkTests.m */; };
		2949CCF21458A21700728B87 /* checkedRadioButton.png in Resources */ = {isa = PBXBuildFile; fileRef = 2949CCC91458A21700728B87 /* checkedRadioButton.png */; };
		2949CCF31458A21700728B87 /* flag.png in Resources */ = {isa = PBXBuildFile; fileRef = 2949CCCA1458A21700728B87 /* flag.png */; };
		2949CCF81458A21700728B87 /* House_woody_cat.jpg in Resources */ = {isa = PBXBuildFile; fileRef = 2949CCCF1458A21700728B87 /* House_woody_cat.jpg */; };
		2949CCFA1458A21700728B87 /* ImageOfABill.jpg in Resources */ = {isa = PBXBuildFile; fileRef = 2949CCD11458A21700728B87 /* ImageOfABill.jpg */; };
		2949CCFB1458A21700728B87 /* kermit_empty.png in Resources */ = {isa = PBXBuildFile; fileRef = 2949CCD21458A21700728B87 /* kermit_empty.png */; };
		2949CCFC1458A21700728B87 /* kermit_full.png in Resources */ = {isa = PBXBuildFile; fileRef = 2949CCD31458A21700728B87 /* kermit_full.png */; };
		2949CCFD1458A21700728B87 /* kermit_half.png in Resources */ = {isa = PBXBuildFile; fileRef = 2949CCD41458A21700728B87 /* kermit_half.png */; };
		2949CCFF1458A21700728B87 /* Notifications.png in Resources */ = {isa = PBXBuildFile; fileRef = 2949CCD61458A21700728B87 /* Notifications.png */; };
		2949CD061458A21700728B87 /* woody_cat_icon.png in Resources */ = {isa = PBXBuildFile; fileRef = 2949CCDD1458A21700728B87 /* woody_cat_icon.png */; };
		2949CD081458A21700728B87 /* BillViewController.xib in Resources */ = {isa = PBXBuildFile; fileRef = 2949CCE01458A21700728B87 /* BillViewController.xib */; };
		2949CD0E1458A21700728B87 /* MenuViewController.xib in Resources */ = {isa = PBXBuildFile; fileRef = 2949CCE61458A21700728B87 /* MenuViewController.xib */; };
		2949CD0F1458A21700728B87 /* MeowConfirmationViewController.xib in Resources */ = {isa = PBXBuildFile; fileRef = 2949CCE71458A21700728B87 /* MeowConfirmationViewController.xib */; };
		2949CD101458A21700728B87 /* AskForSeviceViewController.xib in Resources */ = {isa = PBXBuildFile; fileRef = 2949CCE81458A21700728B87 /* AskForSeviceViewController.xib */; };
		2949CD111458A21700728B87 /* ChatMessagesViewController.xib in Resources */ = {isa = PBXBuildFile; fileRef = 2949CCE91458A21700728B87 /* ChatMessagesViewController.xib */; };
		2949CD121458A21700728B87 /* MyLocationViewController.xib in Resources */ = {isa = PBXBuildFile; fileRef = 2949CCEA1458A21700728B87 /* MyLocationViewController.xib */; };
		2949CD151458A21700728B87 /* PublicProfile.xib in Resources */ = {isa = PBXBuildFile; fileRef = 2949CCED1458A21700728B87 /* PublicProfile.xib */; };
		2949CD351458A9CC00728B87 /* Business.m in Sources */ = {isa = PBXBuildFile; fileRef = 2949CD231458A9CC00728B87 /* Business.m */; };
		295C3AFD14E65F42000FB813 /* BusinessCustomerProfileManager.m in Sources */ = {isa = PBXBuildFile; fileRef = 295C3AFC14E65F42000FB813 /* BusinessCustomerProfileManager.m */; };
		295C3AFE14E65F42000FB813 /* BusinessCustomerProfileManager.m in Sources */ = {isa = PBXBuildFile; fileRef = 295C3AFC14E65F42000FB813 /* BusinessCustomerProfileManager.m */; };
		295F5BDF1458C5CC00832AE8 /* MapKit.framework in Frameworks */ = {isa = PBXBuildFile; fileRef = 295F5BDE1458C5CC00832AE8 /* MapKit.framework */; };
		295F5BE01458C5F400832AE8 /* CoreLocation.framework in Frameworks */ = {isa = PBXBuildFile; fileRef = 295F5BDC1458C5BE00832AE8 /* CoreLocation.framework */; };
		296804401502164000D15241 /* Businesses Property List.plist in Resources */ = {isa = PBXBuildFile; fileRef = 2968043F1502164000D15241 /* Businesses Property List.plist */; };
		2971AF4A16071AFA0022B72E /* NotificationPermissionViewController.m in Sources */ = {isa = PBXBuildFile; fileRef = 2971AF4816071AFA0022B72E /* NotificationPermissionViewController.m */; };
		297575BB14FCD9FB009DF0D5 /* StoreMap.jpg in Resources */ = {isa = PBXBuildFile; fileRef = 297575BA14FCD9FB009DF0D5 /* StoreMap.jpg */; };
		298A6C74156C740900986F29 /* CFNetwork.framework in Frameworks */ = {isa = PBXBuildFile; fileRef = 298A6C73156C740900986F29 /* CFNetwork.framework */; };
		298A6C7B156C76B800986F29 /* libz.1.2.5.dylib in Frameworks */ = {isa = PBXBuildFile; fileRef = 298A6C7A156C76B800986F29 /* libz.1.2.5.dylib */; };
		298A6C7F156C78E400986F29 /* MobileCoreServices.framework in Frameworks */ = {isa = PBXBuildFile; fileRef = 298A6C7E156C78E400986F29 /* MobileCoreServices.framework */; };
		29AC066315DD9A490039C118 /* VoteToAddBusinessConfirmation.xib in Resources */ = {isa = PBXBuildFile; fileRef = 29AC066215DD9A490039C118 /* VoteToAddBusinessConfirmation.xib */; };
		29BA182E15C8634200C499FD /* bg_image.jpg in Resources */ = {isa = PBXBuildFile; fileRef = 29BA182D15C8634200C499FD /* bg_image.jpg */; };
		29C1216715EB479B0093168B /* DetailProductItemViewController.m in Sources */ = {isa = PBXBuildFile; fileRef = 29C1216515EB479B0093168B /* DetailProductItemViewController.m */; };
		29C3A2E9153EC4AF00843CAC /* DetailBusinessViewController.xib in Resources */ = {isa = PBXBuildFile; fileRef = 29C3A2E8153EC4AF00843CAC /* DetailBusinessViewController.xib */; };
		29CDC4B516293F5A002E3D5A /* BusinessProductsUtils.m in Sources */ = {isa = PBXBuildFile; fileRef = 29CDC4B416293F5A002E3D5A /* BusinessProductsUtils.m */; };
		29D29A2015DB5AFA00990F62 /* GooglePlacesConnection.m in Sources */ = {isa = PBXBuildFile; fileRef = 29D29A1815DB5AFA00990F62 /* GooglePlacesConnection.m */; };
		29D29A2115DB5AFA00990F62 /* GooglePlacesObject.m in Sources */ = {isa = PBXBuildFile; fileRef = 29D29A1A15DB5AFA00990F62 /* GooglePlacesObject.m */; };
		29D4FCD415993CCE0034962C /* ConsumerProfileViewController.xib in Resources */ = {isa = PBXBuildFile; fileRef = 29D4FCD315993CCE0034962C /* ConsumerProfileViewController.xib */; };
		29D51BED156C98E5009F0571 /* CoreGraphics.framework in Frameworks */ = {isa = PBXBuildFile; fileRef = 29D51BEC156C98E5009F0571 /* CoreGraphics.framework */; };
		29D51BFB156C9D2F009F0571 /* SystemConfiguration.framework in Frameworks */ = {isa = PBXBuildFile; fileRef = 29D51BFA156C9D2F009F0571 /* SystemConfiguration.framework */; };
		29D51BFD156C9D55009F0571 /* MessageUI.framework in Frameworks */ = {isa = PBXBuildFile; fileRef = 29D51BFC156C9D55009F0571 /* MessageUI.framework */; };
		29D85FBC14EE452000BDE695 /* Grocery_Location.jpg in Resources */ = {isa = PBXBuildFile; fileRef = 29D85FBB14EE452000BDE695 /* Grocery_Location.jpg */; };
		29E693D014CC044B007E958F /* EnterBusiness.png in Resources */ = {isa = PBXBuildFile; fileRef = 29E693CF14CC044B007E958F /* EnterBusiness.png */; };
		29ECC44C14CCC06C0098653A /* EnterBusiness@2x.png in Resources */ = {isa = PBXBuildFile; fileRef = 29ECC44B14CCC06C0098653A /* EnterBusiness@2x.png */; };
		29ECC44C14CCC06C0098653D /* ProductItemViewCell.m in Sources */ = {isa = PBXBuildFile; fileRef = 29ECC44C14CCC06C0098653C /* ProductItemViewCell.m */; };
		29ECC44C14CCC06C00986540 /* ProductItemsTableViewController.m in Sources */ = {isa = PBXBuildFile; fileRef = 29ECC44C14CCC06C0098653F /* ProductItemsTableViewController.m */; };
		29ECC44C14CCC06C00986546 /* ChatMessagesViewController.m in Sources */ = {isa = PBXBuildFile; fileRef = 29ECC44C14CCC06C00986545 /* ChatMessagesViewController.m */; };
		29ECC44C14CCC06C00986549 /* ChatTableView.m in Sources */ = {isa = PBXBuildFile; fileRef = 29ECC44C14CCC06C00986548 /* ChatTableView.m */; };
		29ECC44C14CCC06C00986552 /* LoginViewController.m in Sources */ = {isa = PBXBuildFile; fileRef = 29ECC44C14CCC06C00986551 /* LoginViewController.m */; };
		29ECC44C14CCC06C00986555 /* MessageTableViewCell.m in Sources */ = {isa = PBXBuildFile; fileRef = 29ECC44C14CCC06C00986554 /* MessageTableViewCell.m */; settings = {COMPILER_FLAGS = "-fno-objc-arc"; }; };
		29ECC44C14CCC06C00986558 /* SpeechBubbleView.m in Sources */ = {isa = PBXBuildFile; fileRef = 29ECC44C14CCC06C00986557 /* SpeechBubbleView.m */; };
		29ECC44C14CCC06C0098655B /* TapTalkChatMessage.m in Sources */ = {isa = PBXBuildFile; fileRef = 29ECC44C14CCC06C0098655A /* TapTalkChatMessage.m */; settings = {COMPILER_FLAGS = "-fno-objc-arc"; }; };
		29ECC44C14CCC06C0098655E /* ConsumerProfileViewController.m in Sources */ = {isa = PBXBuildFile; fileRef = 29ECC44C14CCC06C0098655D /* ConsumerProfileViewController.m */; };
		29ECC44C14CCC06C00986564 /* PublicProfile.m in Sources */ = {isa = PBXBuildFile; fileRef = 29ECC44C14CCC06C00986563 /* PublicProfile.m */; };
		29ECC44C14CCC06C00986566 /* ProductItemViewCell.xib in Resources */ = {isa = PBXBuildFile; fileRef = 29ECC44C14CCC06C00986565 /* ProductItemViewCell.xib */; };
		29ECC44C14CCC06C00986568 /* StoreMapViewController.xib in Resources */ = {isa = PBXBuildFile; fileRef = 29ECC44C14CCC06C00986567 /* StoreMapViewController.xib */; };
		29ECC44C14CCC06C0098656C /* RateView.m in Sources */ = {isa = PBXBuildFile; fileRef = 29ECC44C14CCC06C0098656B /* RateView.m */; };
		29ECC44C14CCC06C0098656F /* TapTalkLooks.m in Sources */ = {isa = PBXBuildFile; fileRef = 29ECC44C14CCC06C0098656E /* TapTalkLooks.m */; };
		29ECC44C14CCC06C00986572 /* UIAlertView+TapTalkAlerts.m in Sources */ = {isa = PBXBuildFile; fileRef = 29ECC44C14CCC06C00986571 /* UIAlertView+TapTalkAlerts.m */; };
		29EEAA2315EACCCD00988BA5 /* indicator.png in Resources */ = {isa = PBXBuildFile; fileRef = 29EEAA2215EACCCD00988BA5 /* indicator.png */; };
		C6235F6318B1F62000C216CB /* navigation_button.png in Resources */ = {isa = PBXBuildFile; fileRef = C6235F6218B1F62000C216CB /* navigation_button.png */; };
		C6235F6718B2242400C216CB /* BusinessTableViewCell.m in Sources */ = {isa = PBXBuildFile; fileRef = C6235F6518B2242400C216CB /* BusinessTableViewCell.m */; };
		C650705B18BCB88F00E5D06B /* QuartzCore.framework in Frameworks */ = {isa = PBXBuildFile; fileRef = C650705A18BCB88F00E5D06B /* QuartzCore.framework */; };
		C650705D18BD4CBD00E5D06B /* Default-568h@2x.png in Resources */ = {isa = PBXBuildFile; fileRef = C650705C18BD4CBD00E5D06B /* Default-568h@2x.png */; };
		C66237FE18C03E5B00750F82 /* disabled_button_bg.png in Resources */ = {isa = PBXBuildFile; fileRef = C66237FD18C03E5B00750F82 /* disabled_button_bg.png */; };
		C6700CFB1859D74B003814C9 /* NotificationTableViewCell.m in Sources */ = {isa = PBXBuildFile; fileRef = C6700CFA1859D74B003814C9 /* NotificationTableViewCell.m */; };
		C6700CFD1859DAA4003814C9 /* NotificationTableViewCell.xib in Resources */ = {isa = PBXBuildFile; fileRef = C6700CFC1859DAA4003814C9 /* NotificationTableViewCell.xib */; };
		C67D4D4218AEFFEE00D6DF6C /* ListofBusinesses.m in Sources */ = {isa = PBXBuildFile; fileRef = C67D4D4118AEFFEE00D6DF6C /* ListofBusinesses.m */; };
		C696970A18BC984300F0B4F5 /* BillPayViewController.m in Sources */ = {isa = PBXBuildFile; fileRef = C696970818BC984300F0B4F5 /* BillPayViewController.m */; };
		C696970B18BC984300F0B4F5 /* BillPayViewController.xib in Resources */ = {isa = PBXBuildFile; fileRef = C696970918BC984300F0B4F5 /* BillPayViewController.xib */; };
		C69935B018B969F6008FCF8A /* AppDelegate.m in Sources */ = {isa = PBXBuildFile; fileRef = C699356318B969F6008FCF8A /* AppDelegate.m */; };
		C69935B118B969F6008FCF8A /* BillViewController.m in Sources */ = {isa = PBXBuildFile; fileRef = C699356518B969F6008FCF8A /* BillViewController.m */; };
		C69935BB18B969F6008FCF8A /* DataModel.m in Sources */ = {isa = PBXBuildFile; fileRef = C699357A18B969F6008FCF8A /* DataModel.m */; };
		C69935C118B969F6008FCF8A /* MenuViewController.m in Sources */ = {isa = PBXBuildFile; fileRef = C699358618B969F6008FCF8A /* MenuViewController.m */; };
		C69935C218B969F6008FCF8A /* MeowConfirmationViewController.m in Sources */ = {isa = PBXBuildFile; fileRef = C699358818B969F6008FCF8A /* MeowConfirmationViewController.m */; };
		C69935C318B969F6008FCF8A /* AskForSeviceViewController.m in Sources */ = {isa = PBXBuildFile; fileRef = C699358A18B969F6008FCF8A /* AskForSeviceViewController.m */; };
		C69935C518B969F6008FCF8A /* MyLocationViewController.m in Sources */ = {isa = PBXBuildFile; fileRef = C699358E18B969F6008FCF8A /* MyLocationViewController.m */; };
		C69935CC18B969F6008FCF8A /* ServicesForBusinessTableViewController.m in Sources */ = {isa = PBXBuildFile; fileRef = C699359D18B969F6008FCF8A /* ServicesForBusinessTableViewController.m */; };
		C69935CD18B969F6008FCF8A /* ShakeHandWithBusinessViewController.m in Sources */ = {isa = PBXBuildFile; fileRef = C699359F18B969F6008FCF8A /* ShakeHandWithBusinessViewController.m */; };
		C69935D018B969F6008FCF8A /* StoreMap.m in Sources */ = {isa = PBXBuildFile; fileRef = C69935A518B969F6008FCF8A /* StoreMap.m */; };
		C69935D118B969F6008FCF8A /* StoreMapViewController.m in Sources */ = {isa = PBXBuildFile; fileRef = C69935A718B969F6008FCF8A /* StoreMapViewController.m */; };
		C69935D518B969F6008FCF8A /* VoteToAddBusinessConfirmation.m in Sources */ = {isa = PBXBuildFile; fileRef = C69935AF18B969F6008FCF8A /* VoteToAddBusinessConfirmation.m */; };
		C69CD8241884EA460067F9DB /* TapForAllItunesArtWork57.png in Resources */ = {isa = PBXBuildFile; fileRef = C69CD8231884EA460067F9DB /* TapForAllItunesArtWork57.png */; };
		C69CD8261884EBD50067F9DB /* TapForAllItunesArtWork120.png in Resources */ = {isa = PBXBuildFile; fileRef = C69CD8251884EBD50067F9DB /* TapForAllItunesArtWork120.png */; };
		C6AB1AFF18C7E7B2001FC051 /* DetailProductItemViewController.xib in Resources */ = {isa = PBXBuildFile; fileRef = C6AB1AFE18C7E7B2001FC051 /* DetailProductItemViewController.xib */; };
		C6C91ECF189E3EA700AE6478 /* BusinessListTableViewController.m in Sources */ = {isa = PBXBuildFile; fileRef = C6C91ECD189E3EA700AE6478 /* BusinessListTableViewController.m */; };
		C6C91ED2189E563600AE6478 /* navigation_background.png in Resources */ = {isa = PBXBuildFile; fileRef = C6C91ED1189E563600AE6478 /* navigation_background.png */; };
		C6DE7D3B188A618D0048B496 /* ShakeHandWithBusinessViewController.xib in Resources */ = {isa = PBXBuildFile; fileRef = C6DE7D3A188A618D0048B496 /* ShakeHandWithBusinessViewController.xib */; };
		C6EABE1718B2D1CD00F50D19 /* BusinessTableViewCell.xib in Resources */ = {isa = PBXBuildFile; fileRef = C6EABE1518B2D1CD00F50D19 /* BusinessTableViewCell.xib */; };
		C6EABE1818B2D1CD00F50D19 /* BusinessListTableViewController.xib in Resources */ = {isa = PBXBuildFile; fileRef = C6EABE1618B2D1CD00F50D19 /* BusinessListTableViewController.xib */; };
		C6FDD5CC187CDD2900F4D721 /* BusinessNotificationTableViewController.xib in Resources */ = {isa = PBXBuildFile; fileRef = C6FDD5CB187CDD2900F4D721 /* BusinessNotificationTableViewController.xib */; };
		C6FDD5CF187D079600F4D721 /* ServerInteractionManager.m in Sources */ = {isa = PBXBuildFile; fileRef = C6FDD5CD187D079600F4D721 /* ServerInteractionManager.m */; };
		C6FDD5D3187D087900F4D721 /* BusinessNotificationTableViewController.m in Sources */ = {isa = PBXBuildFile; fileRef = C6FDD5D1187D087900F4D721 /* BusinessNotificationTableViewController.m */; };
/* End PBXBuildFile section */

/* Begin PBXContainerItemProxy section */
		2949CC5B14589C7200728B87 /* PBXContainerItemProxy */ = {
			isa = PBXContainerItemProxy;
			containerPortal = 2949CC2C14589C7100728B87 /* Project object */;
			proxyType = 1;
			remoteGlobalIDString = 2949CC3414589C7200728B87;
			remoteInfo = TapTalk;
		};
/* End PBXContainerItemProxy section */

/* Begin PBXFileReference section */
		290481BD150433CE0066002B /* ProductItemsTableViewController.xib */ = {isa = PBXFileReference; fileEncoding = 4; lastKnownFileType = file.xib; path = ProductItemsTableViewController.xib; sourceTree = "<group>"; };
		290CF8AF1541E65A00E1B81F /* ServicesForBusinessTableViewController.xib */ = {isa = PBXFileReference; fileEncoding = 4; lastKnownFileType = file.xib; path = ServicesForBusinessTableViewController.xib; sourceTree = "<group>"; };
		291850C7153E8DA8008B6EBB /* DetailBusinessViewController.h */ = {isa = PBXFileReference; fileEncoding = 4; lastKnownFileType = sourcecode.c.h; name = DetailBusinessViewController.h; path = MainSourceCode/DetailBusinessViewController.h; sourceTree = "<group>"; };
		291850C8153E8DA8008B6EBB /* DetailBusinessViewController.m */ = {isa = PBXFileReference; fileEncoding = 4; lastKnownFileType = sourcecode.c.objc; name = DetailBusinessViewController.m; path = MainSourceCode/DetailBusinessViewController.m; sourceTree = "<group>"; };
		2925109314ECC1C300866384 /* CoffeeStore.jpg */ = {isa = PBXFileReference; lastKnownFileType = image.jpeg; path = CoffeeStore.jpg; sourceTree = "<group>"; };
		2935D2981569E842003FB5CB /* LoginViewController.xib */ = {isa = PBXFileReference; fileEncoding = 4; lastKnownFileType = file.xib; path = LoginViewController.xib; sourceTree = "<group>"; };
		29397890157B607600D3D23D /* BubbleLefthand.png */ = {isa = PBXFileReference; lastKnownFileType = image.png; path = BubbleLefthand.png; sourceTree = "<group>"; };
		29397891157B607600D3D23D /* BubbleRighthand.png */ = {isa = PBXFileReference; lastKnownFileType = image.png; path = BubbleRighthand.png; sourceTree = "<group>"; };
		293FA98B1595BF8B00B6A29F /* Messages.png */ = {isa = PBXFileReference; lastKnownFileType = image.png; path = Messages.png; sourceTree = "<group>"; };
		293FA98C1595BF8B00B6A29F /* Messages@2x.png */ = {isa = PBXFileReference; lastKnownFileType = image.png; path = "Messages@2x.png"; sourceTree = "<group>"; };
		29403656159E66E000487779 /* ProfileTabBarIcon.png */ = {isa = PBXFileReference; lastKnownFileType = image.png; path = ProfileTabBarIcon.png; sourceTree = "<group>"; };
		29403657159E66E000487779 /* ProfileTabBarIcon@2x.png */ = {isa = PBXFileReference; lastKnownFileType = image.png; path = "ProfileTabBarIcon@2x.png"; sourceTree = "<group>"; };
		29449C7A14C5860B004D8538 /* House_woody_cat_table.jpg */ = {isa = PBXFileReference; lastKnownFileType = image.jpeg; path = House_woody_cat_table.jpg; sourceTree = "<group>"; };
		29496BDC15EFDE1200127A05 /* ImageIO.framework */ = {isa = PBXFileReference; lastKnownFileType = wrapper.framework; name = ImageIO.framework; path = System/Library/Frameworks/ImageIO.framework; sourceTree = SDKROOT; };
		2949CC3514589C7200728B87 /* TapForAll.app */ = {isa = PBXFileReference; explicitFileType = wrapper.application; includeInIndex = 0; path = TapForAll.app; sourceTree = BUILT_PRODUCTS_DIR; };
		2949CC3914589C7200728B87 /* UIKit.framework */ = {isa = PBXFileReference; lastKnownFileType = wrapper.framework; name = UIKit.framework; path = System/Library/Frameworks/UIKit.framework; sourceTree = SDKROOT; };
		2949CC3B14589C7200728B87 /* Foundation.framework */ = {isa = PBXFileReference; lastKnownFileType = wrapper.framework; name = Foundation.framework; path = System/Library/Frameworks/Foundation.framework; sourceTree = SDKROOT; };
		2949CC3F14589C7200728B87 /* CoreData.framework */ = {isa = PBXFileReference; lastKnownFileType = wrapper.framework; name = CoreData.framework; path = System/Library/Frameworks/CoreData.framework; sourceTree = SDKROOT; };
		2949CC4314589C7200728B87 /* TapForAll-Info.plist */ = {isa = PBXFileReference; lastKnownFileType = text.plist.xml; path = "TapForAll-Info.plist"; sourceTree = "<group>"; };
		2949CC4514589C7200728B87 /* en */ = {isa = PBXFileReference; lastKnownFileType = text.plist.strings; name = en; path = en.lproj/InfoPlist.strings; sourceTree = "<group>"; };
		2949CC4714589C7200728B87 /* main.m */ = {isa = PBXFileReference; lastKnownFileType = sourcecode.c.objc; path = main.m; sourceTree = "<group>"; };
		2949CC4914589C7200728B87 /* TapForAll-Prefix.pch */ = {isa = PBXFileReference; lastKnownFileType = sourcecode.c.h; path = "TapForAll-Prefix.pch"; sourceTree = "<group>"; };
		2949CC4E14589C7200728B87 /* TapTalk.xcdatamodel */ = {isa = PBXFileReference; lastKnownFileType = wrapper.xcdatamodel; path = TapTalk.xcdatamodel; sourceTree = "<group>"; };
		2949CC5514589C7200728B87 /* TapForAllTests.octest */ = {isa = PBXFileReference; explicitFileType = wrapper.cfbundle; includeInIndex = 0; path = TapForAllTests.octest; sourceTree = BUILT_PRODUCTS_DIR; };
		2949CC5614589C7200728B87 /* SenTestingKit.framework */ = {isa = PBXFileReference; lastKnownFileType = wrapper.framework; name = SenTestingKit.framework; path = Library/Frameworks/SenTestingKit.framework; sourceTree = DEVELOPER_DIR; };
		2949CC5F14589C7200728B87 /* TapForAllTests-Info.plist */ = {isa = PBXFileReference; lastKnownFileType = text.plist.xml; path = "TapForAllTests-Info.plist"; sourceTree = "<group>"; };
		2949CC6114589C7200728B87 /* en */ = {isa = PBXFileReference; lastKnownFileType = text.plist.strings; name = en; path = en.lproj/InfoPlist.strings; sourceTree = "<group>"; };
		2949CC6314589C7200728B87 /* TapTalkTests.h */ = {isa = PBXFileReference; lastKnownFileType = sourcecode.c.h; path = TapTalkTests.h; sourceTree = "<group>"; };
		2949CC6414589C7200728B87 /* TapTalkTests.m */ = {isa = PBXFileReference; lastKnownFileType = sourcecode.c.objc; path = TapTalkTests.m; sourceTree = "<group>"; };
		2949CCC91458A21700728B87 /* checkedRadioButton.png */ = {isa = PBXFileReference; lastKnownFileType = image.png; path = checkedRadioButton.png; sourceTree = "<group>"; };
		2949CCCA1458A21700728B87 /* flag.png */ = {isa = PBXFileReference; lastKnownFileType = image.png; path = flag.png; sourceTree = "<group>"; };
		2949CCCF1458A21700728B87 /* House_woody_cat.jpg */ = {isa = PBXFileReference; lastKnownFileType = image.jpeg; path = House_woody_cat.jpg; sourceTree = "<group>"; };
		2949CCD11458A21700728B87 /* ImageOfABill.jpg */ = {isa = PBXFileReference; lastKnownFileType = image.jpeg; path = ImageOfABill.jpg; sourceTree = "<group>"; };
		2949CCD21458A21700728B87 /* kermit_empty.png */ = {isa = PBXFileReference; lastKnownFileType = image.png; path = kermit_empty.png; sourceTree = "<group>"; };
		2949CCD31458A21700728B87 /* kermit_full.png */ = {isa = PBXFileReference; lastKnownFileType = image.png; path = kermit_full.png; sourceTree = "<group>"; };
		2949CCD41458A21700728B87 /* kermit_half.png */ = {isa = PBXFileReference; lastKnownFileType = image.png; path = kermit_half.png; sourceTree = "<group>"; };
		2949CCD61458A21700728B87 /* Notifications.png */ = {isa = PBXFileReference; lastKnownFileType = image.png; path = Notifications.png; sourceTree = "<group>"; };
		2949CCDD1458A21700728B87 /* woody_cat_icon.png */ = {isa = PBXFileReference; lastKnownFileType = image.png; path = woody_cat_icon.png; sourceTree = "<group>"; };
		2949CCE01458A21700728B87 /* BillViewController.xib */ = {isa = PBXFileReference; fileEncoding = 4; lastKnownFileType = file.xib; path = BillViewController.xib; sourceTree = "<group>"; };
		2949CCE61458A21700728B87 /* MenuViewController.xib */ = {isa = PBXFileReference; fileEncoding = 4; lastKnownFileType = file.xib; path = MenuViewController.xib; sourceTree = "<group>"; };
		2949CCE71458A21700728B87 /* MeowConfirmationViewController.xib */ = {isa = PBXFileReference; fileEncoding = 4; lastKnownFileType = file.xib; path = MeowConfirmationViewController.xib; sourceTree = "<group>"; };
		2949CCE81458A21700728B87 /* AskForSeviceViewController.xib */ = {isa = PBXFileReference; fileEncoding = 4; lastKnownFileType = file.xib; path = AskForSeviceViewController.xib; sourceTree = "<group>"; };
		2949CCE91458A21700728B87 /* ChatMessagesViewController.xib */ = {isa = PBXFileReference; fileEncoding = 4; lastKnownFileType = file.xib; path = ChatMessagesViewController.xib; sourceTree = "<group>"; };
		2949CCEA1458A21700728B87 /* MyLocationViewController.xib */ = {isa = PBXFileReference; fileEncoding = 4; lastKnownFileType = file.xib; path = MyLocationViewController.xib; sourceTree = "<group>"; };
		2949CCED1458A21700728B87 /* PublicProfile.xib */ = {isa = PBXFileReference; fileEncoding = 4; lastKnownFileType = file.xib; path = PublicProfile.xib; sourceTree = "<group>"; };
		2949CD231458A9CC00728B87 /* Business.m */ = {isa = PBXFileReference; fileEncoding = 4; lastKnownFileType = sourcecode.c.objc; name = Business.m; path = MainSourceCode/Business.m; sourceTree = "<group>"; };
		295C3AFB14E65F42000FB813 /* BusinessCustomerProfileManager.h */ = {isa = PBXFileReference; fileEncoding = 4; lastKnownFileType = sourcecode.c.h; name = BusinessCustomerProfileManager.h; path = MainSourceCode/BusinessCustomerProfileManager.h; sourceTree = "<group>"; };
		295C3AFC14E65F42000FB813 /* BusinessCustomerProfileManager.m */ = {isa = PBXFileReference; fileEncoding = 4; lastKnownFileType = sourcecode.c.objc; name = BusinessCustomerProfileManager.m; path = MainSourceCode/BusinessCustomerProfileManager.m; sourceTree = "<group>"; };
		295F5BDC1458C5BE00832AE8 /* CoreLocation.framework */ = {isa = PBXFileReference; lastKnownFileType = wrapper.framework; name = CoreLocation.framework; path = System/Library/Frameworks/CoreLocation.framework; sourceTree = SDKROOT; };
		295F5BDE1458C5CC00832AE8 /* MapKit.framework */ = {isa = PBXFileReference; lastKnownFileType = wrapper.framework; name = MapKit.framework; path = System/Library/Frameworks/MapKit.framework; sourceTree = SDKROOT; };
		2968043F1502164000D15241 /* Businesses Property List.plist */ = {isa = PBXFileReference; fileEncoding = 4; lastKnownFileType = text.plist.xml; path = "Businesses Property List.plist"; sourceTree = "<group>"; };
		29711A1A15DB7FF20094F086 /* Business.h */ = {isa = PBXFileReference; fileEncoding = 4; lastKnownFileType = sourcecode.c.h; name = Business.h; path = MainSourceCode/Business.h; sourceTree = "<group>"; };
		2971AF4716071AFA0022B72E /* NotificationPermissionViewController.h */ = {isa = PBXFileReference; fileEncoding = 4; lastKnownFileType = sourcecode.c.h; name = NotificationPermissionViewController.h; path = MainSourceCode/NotificationPermissionViewController.h; sourceTree = "<group>"; };
		2971AF4816071AFA0022B72E /* NotificationPermissionViewController.m */ = {isa = PBXFileReference; fileEncoding = 4; lastKnownFileType = sourcecode.c.objc; name = NotificationPermissionViewController.m; path = MainSourceCode/NotificationPermissionViewController.m; sourceTree = "<group>"; };
		297575BA14FCD9FB009DF0D5 /* StoreMap.jpg */ = {isa = PBXFileReference; lastKnownFileType = image.jpeg; path = StoreMap.jpg; sourceTree = "<group>"; };
		298A6C73156C740900986F29 /* CFNetwork.framework */ = {isa = PBXFileReference; lastKnownFileType = wrapper.framework; name = CFNetwork.framework; path = System/Library/Frameworks/CFNetwork.framework; sourceTree = SDKROOT; };
		298A6C7A156C76B800986F29 /* libz.1.2.5.dylib */ = {isa = PBXFileReference; lastKnownFileType = "compiled.mach-o.dylib"; name = libz.1.2.5.dylib; path = usr/lib/libz.1.2.5.dylib; sourceTree = SDKROOT; };
		298A6C7E156C78E400986F29 /* MobileCoreServices.framework */ = {isa = PBXFileReference; lastKnownFileType = wrapper.framework; name = MobileCoreServices.framework; path = System/Library/Frameworks/MobileCoreServices.framework; sourceTree = SDKROOT; };
		29AC066215DD9A490039C118 /* VoteToAddBusinessConfirmation.xib */ = {isa = PBXFileReference; fileEncoding = 4; lastKnownFileType = file.xib; path = VoteToAddBusinessConfirmation.xib; sourceTree = "<group>"; };
		29BA182D15C8634200C499FD /* bg_image.jpg */ = {isa = PBXFileReference; lastKnownFileType = image.jpeg; path = bg_image.jpg; sourceTree = "<group>"; };
		29C1216415EB479B0093168B /* DetailProductItemViewController.h */ = {isa = PBXFileReference; fileEncoding = 4; lastKnownFileType = sourcecode.c.h; name = DetailProductItemViewController.h; path = MainSourceCode/DetailProductItemViewController.h; sourceTree = "<group>"; };
		29C1216515EB479B0093168B /* DetailProductItemViewController.m */ = {isa = PBXFileReference; fileEncoding = 4; lastKnownFileType = sourcecode.c.objc; name = DetailProductItemViewController.m; path = MainSourceCode/DetailProductItemViewController.m; sourceTree = "<group>"; };
		29C3A2E8153EC4AF00843CAC /* DetailBusinessViewController.xib */ = {isa = PBXFileReference; fileEncoding = 4; lastKnownFileType = file.xib; path = DetailBusinessViewController.xib; sourceTree = "<group>"; };
		29CDC4B316293F5A002E3D5A /* BusinessProductsUtils.h */ = {isa = PBXFileReference; fileEncoding = 4; lastKnownFileType = sourcecode.c.h; name = BusinessProductsUtils.h; path = MainSourceCode/BusinessProductsUtils.h; sourceTree = "<group>"; };
		29CDC4B416293F5A002E3D5A /* BusinessProductsUtils.m */ = {isa = PBXFileReference; fileEncoding = 4; lastKnownFileType = sourcecode.c.objc; name = BusinessProductsUtils.m; path = MainSourceCode/BusinessProductsUtils.m; sourceTree = "<group>"; };
		29D29A1715DB5AFA00990F62 /* GooglePlacesConnection.h */ = {isa = PBXFileReference; fileEncoding = 4; lastKnownFileType = sourcecode.c.h; path = GooglePlacesConnection.h; sourceTree = "<group>"; };
		29D29A1815DB5AFA00990F62 /* GooglePlacesConnection.m */ = {isa = PBXFileReference; fileEncoding = 4; lastKnownFileType = sourcecode.c.objc; path = GooglePlacesConnection.m; sourceTree = "<group>"; };
		29D29A1915DB5AFA00990F62 /* GooglePlacesObject.h */ = {isa = PBXFileReference; fileEncoding = 4; lastKnownFileType = sourcecode.c.h; path = GooglePlacesObject.h; sourceTree = "<group>"; };
		29D29A1A15DB5AFA00990F62 /* GooglePlacesObject.m */ = {isa = PBXFileReference; fileEncoding = 4; lastKnownFileType = sourcecode.c.objc; path = GooglePlacesObject.m; sourceTree = "<group>"; };
		29D4FCD315993CCE0034962C /* ConsumerProfileViewController.xib */ = {isa = PBXFileReference; fileEncoding = 4; lastKnownFileType = file.xib; path = ConsumerProfileViewController.xib; sourceTree = "<group>"; };
		29D51BEC156C98E5009F0571 /* CoreGraphics.framework */ = {isa = PBXFileReference; lastKnownFileType = wrapper.framework; name = CoreGraphics.framework; path = System/Library/Frameworks/CoreGraphics.framework; sourceTree = SDKROOT; };
		29D51BFA156C9D2F009F0571 /* SystemConfiguration.framework */ = {isa = PBXFileReference; lastKnownFileType = wrapper.framework; name = SystemConfiguration.framework; path = System/Library/Frameworks/SystemConfiguration.framework; sourceTree = SDKROOT; };
		29D51BFC156C9D55009F0571 /* MessageUI.framework */ = {isa = PBXFileReference; lastKnownFileType = wrapper.framework; name = MessageUI.framework; path = System/Library/Frameworks/MessageUI.framework; sourceTree = SDKROOT; };
		29D85FBB14EE452000BDE695 /* Grocery_Location.jpg */ = {isa = PBXFileReference; lastKnownFileType = image.jpeg; path = Grocery_Location.jpg; sourceTree = "<group>"; };
		29E693CF14CC044B007E958F /* EnterBusiness.png */ = {isa = PBXFileReference; lastKnownFileType = image.png; path = EnterBusiness.png; sourceTree = "<group>"; };
		29ECC44B14CCC06C0098653A /* EnterBusiness@2x.png */ = {isa = PBXFileReference; lastKnownFileType = image.png; path = "EnterBusiness@2x.png"; sourceTree = "<group>"; };
		29ECC44C14CCC06C0098653B /* ProductItemViewCell.h */ = {isa = PBXFileReference; fileEncoding = 4; lastKnownFileType = sourcecode.c.h; name = ProductItemViewCell.h; path = MainSourceCode/ProductItemViewCell.h; sourceTree = "<group>"; };
		29ECC44C14CCC06C0098653C /* ProductItemViewCell.m */ = {isa = PBXFileReference; fileEncoding = 4; lastKnownFileType = sourcecode.c.objc; name = ProductItemViewCell.m; path = MainSourceCode/ProductItemViewCell.m; sourceTree = "<group>"; };
		29ECC44C14CCC06C0098653E /* ProductItemsTableViewController.h */ = {isa = PBXFileReference; fileEncoding = 4; lastKnownFileType = sourcecode.c.h; name = ProductItemsTableViewController.h; path = MainSourceCode/ProductItemsTableViewController.h; sourceTree = "<group>"; };
		29ECC44C14CCC06C0098653F /* ProductItemsTableViewController.m */ = {isa = PBXFileReference; fileEncoding = 4; lastKnownFileType = sourcecode.c.objc; name = ProductItemsTableViewController.m; path = MainSourceCode/ProductItemsTableViewController.m; sourceTree = "<group>"; };
		29ECC44C14CCC06C00986544 /* ChatMessagesViewController.h */ = {isa = PBXFileReference; fileEncoding = 4; lastKnownFileType = sourcecode.c.h; name = ChatMessagesViewController.h; path = MainSourceCode/ChatMessagesViewController.h; sourceTree = "<group>"; };
		29ECC44C14CCC06C00986545 /* ChatMessagesViewController.m */ = {isa = PBXFileReference; fileEncoding = 4; lastKnownFileType = sourcecode.c.objc; name = ChatMessagesViewController.m; path = MainSourceCode/ChatMessagesViewController.m; sourceTree = "<group>"; };
		29ECC44C14CCC06C00986547 /* ChatTableView.h */ = {isa = PBXFileReference; fileEncoding = 4; lastKnownFileType = sourcecode.c.h; name = ChatTableView.h; path = MainSourceCode/ChatTableView.h; sourceTree = "<group>"; };
		29ECC44C14CCC06C00986548 /* ChatTableView.m */ = {isa = PBXFileReference; fileEncoding = 4; lastKnownFileType = sourcecode.c.objc; name = ChatTableView.m; path = MainSourceCode/ChatTableView.m; sourceTree = "<group>"; };
		29ECC44C14CCC06C00986550 /* LoginViewController.h */ = {isa = PBXFileReference; fileEncoding = 4; lastKnownFileType = sourcecode.c.h; name = LoginViewController.h; path = MainSourceCode/LoginViewController.h; sourceTree = "<group>"; };
		29ECC44C14CCC06C00986551 /* LoginViewController.m */ = {isa = PBXFileReference; fileEncoding = 4; lastKnownFileType = sourcecode.c.objc; name = LoginViewController.m; path = MainSourceCode/LoginViewController.m; sourceTree = "<group>"; };
		29ECC44C14CCC06C00986553 /* MessageTableViewCell.h */ = {isa = PBXFileReference; fileEncoding = 4; lastKnownFileType = sourcecode.c.h; name = MessageTableViewCell.h; path = MainSourceCode/MessageTableViewCell.h; sourceTree = "<group>"; };
		29ECC44C14CCC06C00986554 /* MessageTableViewCell.m */ = {isa = PBXFileReference; fileEncoding = 4; lastKnownFileType = sourcecode.c.objc; name = MessageTableViewCell.m; path = MainSourceCode/MessageTableViewCell.m; sourceTree = "<group>"; };
		29ECC44C14CCC06C00986556 /* SpeechBubbleView.h */ = {isa = PBXFileReference; fileEncoding = 4; lastKnownFileType = sourcecode.c.h; name = SpeechBubbleView.h; path = MainSourceCode/SpeechBubbleView.h; sourceTree = "<group>"; };
		29ECC44C14CCC06C00986557 /* SpeechBubbleView.m */ = {isa = PBXFileReference; fileEncoding = 4; lastKnownFileType = sourcecode.c.objc; name = SpeechBubbleView.m; path = MainSourceCode/SpeechBubbleView.m; sourceTree = "<group>"; };
		29ECC44C14CCC06C00986559 /* TapTalkChatMessage.h */ = {isa = PBXFileReference; fileEncoding = 4; lastKnownFileType = sourcecode.c.h; name = TapTalkChatMessage.h; path = MainSourceCode/TapTalkChatMessage.h; sourceTree = "<group>"; };
		29ECC44C14CCC06C0098655A /* TapTalkChatMessage.m */ = {isa = PBXFileReference; fileEncoding = 4; lastKnownFileType = sourcecode.c.objc; name = TapTalkChatMessage.m; path = MainSourceCode/TapTalkChatMessage.m; sourceTree = "<group>"; };
		29ECC44C14CCC06C0098655C /* ConsumerProfileViewController.h */ = {isa = PBXFileReference; fileEncoding = 4; lastKnownFileType = sourcecode.c.h; name = ConsumerProfileViewController.h; path = MainSourceCode/ConsumerProfileViewController.h; sourceTree = "<group>"; };
		29ECC44C14CCC06C0098655D /* ConsumerProfileViewController.m */ = {isa = PBXFileReference; fileEncoding = 4; lastKnownFileType = sourcecode.c.objc; name = ConsumerProfileViewController.m; path = MainSourceCode/ConsumerProfileViewController.m; sourceTree = "<group>"; };
		29ECC44C14CCC06C00986562 /* PublicProfile.h */ = {isa = PBXFileReference; fileEncoding = 4; lastKnownFileType = sourcecode.c.h; name = PublicProfile.h; path = MainSourceCode/PublicProfile.h; sourceTree = "<group>"; };
		29ECC44C14CCC06C00986563 /* PublicProfile.m */ = {isa = PBXFileReference; fileEncoding = 4; lastKnownFileType = sourcecode.c.objc; name = PublicProfile.m; path = MainSourceCode/PublicProfile.m; sourceTree = "<group>"; };
		29ECC44C14CCC06C00986565 /* ProductItemViewCell.xib */ = {isa = PBXFileReference; lastKnownFileType = file.xib; path = ProductItemViewCell.xib; sourceTree = "<group>"; };
		29ECC44C14CCC06C00986567 /* StoreMapViewController.xib */ = {isa = PBXFileReference; lastKnownFileType = file.xib; path = StoreMapViewController.xib; sourceTree = "<group>"; };
		29ECC44C14CCC06C00986569 /* Consts.h */ = {isa = PBXFileReference; fileEncoding = 4; lastKnownFileType = sourcecode.c.h; name = Consts.h; path = MainSourceCode/Consts.h; sourceTree = "<group>"; };
		29ECC44C14CCC06C0098656A /* RateView.h */ = {isa = PBXFileReference; fileEncoding = 4; lastKnownFileType = sourcecode.c.h; name = RateView.h; path = MainSourceCode/RateView.h; sourceTree = "<group>"; };
		29ECC44C14CCC06C0098656B /* RateView.m */ = {isa = PBXFileReference; fileEncoding = 4; lastKnownFileType = sourcecode.c.objc; name = RateView.m; path = MainSourceCode/RateView.m; sourceTree = "<group>"; };
		29ECC44C14CCC06C0098656D /* TapTalkLooks.h */ = {isa = PBXFileReference; fileEncoding = 4; lastKnownFileType = sourcecode.c.h; name = TapTalkLooks.h; path = MainSourceCode/TapTalkLooks.h; sourceTree = "<group>"; };
		29ECC44C14CCC06C0098656E /* TapTalkLooks.m */ = {isa = PBXFileReference; fileEncoding = 4; lastKnownFileType = sourcecode.c.objc; name = TapTalkLooks.m; path = MainSourceCode/TapTalkLooks.m; sourceTree = "<group>"; };
		29ECC44C14CCC06C00986570 /* UIAlertView+TapTalkAlerts.h */ = {isa = PBXFileReference; fileEncoding = 4; lastKnownFileType = sourcecode.c.h; name = "UIAlertView+TapTalkAlerts.h"; path = "MainSourceCode/UIAlertView+TapTalkAlerts.h"; sourceTree = "<group>"; };
		29ECC44C14CCC06C00986571 /* UIAlertView+TapTalkAlerts.m */ = {isa = PBXFileReference; fileEncoding = 4; lastKnownFileType = sourcecode.c.objc; name = "UIAlertView+TapTalkAlerts.m"; path = "MainSourceCode/UIAlertView+TapTalkAlerts.m"; sourceTree = "<group>"; };
		29EEAA2215EACCCD00988BA5 /* indicator.png */ = {isa = PBXFileReference; lastKnownFileType = image.png; path = indicator.png; sourceTree = "<group>"; };
		7C842395C1AA4059895F19C5 /* libPods.a */ = {isa = PBXFileReference; explicitFileType = archive.ar; includeInIndex = 0; path = libPods.a; sourceTree = BUILT_PRODUCTS_DIR; };
		99C03DCCF5AF411B99AB2278 /* Pods.xcconfig */ = {isa = PBXFileReference; includeInIndex = 1; lastKnownFileType = text.xcconfig; name = Pods.xcconfig; path = Pods/Pods.xcconfig; sourceTree = "<group>"; };
		C6235F6218B1F62000C216CB /* navigation_button.png */ = {isa = PBXFileReference; lastKnownFileType = image.png; path = navigation_button.png; sourceTree = "<group>"; };
		C6235F6418B2242400C216CB /* BusinessTableViewCell.h */ = {isa = PBXFileReference; fileEncoding = 4; lastKnownFileType = sourcecode.c.h; name = BusinessTableViewCell.h; path = MainSourceCode/BusinessTableViewCell.h; sourceTree = "<group>"; };
		C6235F6518B2242400C216CB /* BusinessTableViewCell.m */ = {isa = PBXFileReference; fileEncoding = 4; lastKnownFileType = sourcecode.c.objc; name = BusinessTableViewCell.m; path = MainSourceCode/BusinessTableViewCell.m; sourceTree = "<group>"; };
		C650705A18BCB88F00E5D06B /* QuartzCore.framework */ = {isa = PBXFileReference; lastKnownFileType = wrapper.framework; name = QuartzCore.framework; path = System/Library/Frameworks/QuartzCore.framework; sourceTree = SDKROOT; };
		C650705C18BD4CBD00E5D06B /* Default-568h@2x.png */ = {isa = PBXFileReference; lastKnownFileType = image.png; name = "Default-568h@2x.png"; path = "../Xibs/Default-568h@2x.png"; sourceTree = "<group>"; };
		C66237FD18C03E5B00750F82 /* disabled_button_bg.png */ = {isa = PBXFileReference; lastKnownFileType = image.png; path = disabled_button_bg.png; sourceTree = "<group>"; };
		C6700CF91859D74B003814C9 /* NotificationTableViewCell.h */ = {isa = PBXFileReference; fileEncoding = 4; lastKnownFileType = sourcecode.c.h; name = NotificationTableViewCell.h; path = MainSourceCode/NotificationTableViewCell.h; sourceTree = "<group>"; };
		C6700CFA1859D74B003814C9 /* NotificationTableViewCell.m */ = {isa = PBXFileReference; fileEncoding = 4; lastKnownFileType = sourcecode.c.objc; name = NotificationTableViewCell.m; path = MainSourceCode/NotificationTableViewCell.m; sourceTree = "<group>"; };
		C6700CFC1859DAA4003814C9 /* NotificationTableViewCell.xib */ = {isa = PBXFileReference; fileEncoding = 4; lastKnownFileType = file.xib; path = NotificationTableViewCell.xib; sourceTree = "<group>"; };
		C67D4D4018AEFFEE00D6DF6C /* ListofBusinesses.h */ = {isa = PBXFileReference; fileEncoding = 4; lastKnownFileType = sourcecode.c.h; name = ListofBusinesses.h; path = MainSourceCode/ListofBusinesses.h; sourceTree = "<group>"; };
		C67D4D4118AEFFEE00D6DF6C /* ListofBusinesses.m */ = {isa = PBXFileReference; fileEncoding = 4; lastKnownFileType = sourcecode.c.objc; name = ListofBusinesses.m; path = MainSourceCode/ListofBusinesses.m; sourceTree = "<group>"; };
		C696970718BC984300F0B4F5 /* BillPayViewController.h */ = {isa = PBXFileReference; fileEncoding = 4; lastKnownFileType = sourcecode.c.h; path = BillPayViewController.h; sourceTree = "<group>"; };
		C696970818BC984300F0B4F5 /* BillPayViewController.m */ = {isa = PBXFileReference; fileEncoding = 4; lastKnownFileType = sourcecode.c.objc; path = BillPayViewController.m; sourceTree = "<group>"; };
		C696970918BC984300F0B4F5 /* BillPayViewController.xib */ = {isa = PBXFileReference; fileEncoding = 4; lastKnownFileType = file.xib; name = BillPayViewController.xib; path = ../../BillPayViewController.xib; sourceTree = "<group>"; };
		C699356218B969F6008FCF8A /* AppDelegate.h */ = {isa = PBXFileReference; fileEncoding = 4; lastKnownFileType = sourcecode.c.h; path = AppDelegate.h; sourceTree = "<group>"; };
		C699356318B969F6008FCF8A /* AppDelegate.m */ = {isa = PBXFileReference; fileEncoding = 4; lastKnownFileType = sourcecode.c.objc; path = AppDelegate.m; sourceTree = "<group>"; };
		C699356418B969F6008FCF8A /* BillViewController.h */ = {isa = PBXFileReference; fileEncoding = 4; lastKnownFileType = sourcecode.c.h; name = BillViewController.h; path = MainSourceCode/BillViewController.h; sourceTree = "<group>"; };
		C699356518B969F6008FCF8A /* BillViewController.m */ = {isa = PBXFileReference; fileEncoding = 4; lastKnownFileType = sourcecode.c.objc; name = BillViewController.m; path = MainSourceCode/BillViewController.m; sourceTree = "<group>"; };
		C699357618B969F6008FCF8A /* Consts.h */ = {isa = PBXFileReference; fileEncoding = 4; lastKnownFileType = sourcecode.c.h; path = Consts.h; sourceTree = "<group>"; };
		C699357918B969F6008FCF8A /* DataModel.h */ = {isa = PBXFileReference; fileEncoding = 4; lastKnownFileType = sourcecode.c.h; path = DataModel.h; sourceTree = "<group>"; };
		C699357A18B969F6008FCF8A /* DataModel.m */ = {isa = PBXFileReference; fileEncoding = 4; lastKnownFileType = sourcecode.c.objc; path = DataModel.m; sourceTree = "<group>"; };
		C699358518B969F6008FCF8A /* MenuViewController.h */ = {isa = PBXFileReference; fileEncoding = 4; lastKnownFileType = sourcecode.c.h; path = MenuViewController.h; sourceTree = "<group>"; };
		C699358618B969F6008FCF8A /* MenuViewController.m */ = {isa = PBXFileReference; fileEncoding = 4; lastKnownFileType = sourcecode.c.objc; path = MenuViewController.m; sourceTree = "<group>"; };
		C699358718B969F6008FCF8A /* MeowConfirmationViewController.h */ = {isa = PBXFileReference; fileEncoding = 4; lastKnownFileType = sourcecode.c.h; path = MeowConfirmationViewController.h; sourceTree = "<group>"; };
		C699358818B969F6008FCF8A /* MeowConfirmationViewController.m */ = {isa = PBXFileReference; fileEncoding = 4; lastKnownFileType = sourcecode.c.objc; path = MeowConfirmationViewController.m; sourceTree = "<group>"; };
		C699358918B969F6008FCF8A /* AskForSeviceViewController.h */ = {isa = PBXFileReference; fileEncoding = 4; lastKnownFileType = sourcecode.c.h; path = AskForSeviceViewController.h; sourceTree = "<group>"; };
		C699358A18B969F6008FCF8A /* AskForSeviceViewController.m */ = {isa = PBXFileReference; fileEncoding = 4; lastKnownFileType = sourcecode.c.objc; path = AskForSeviceViewController.m; sourceTree = "<group>"; };
		C699358D18B969F6008FCF8A /* MyLocationViewController.h */ = {isa = PBXFileReference; fileEncoding = 4; lastKnownFileType = sourcecode.c.h; path = MyLocationViewController.h; sourceTree = "<group>"; };
		C699358E18B969F6008FCF8A /* MyLocationViewController.m */ = {isa = PBXFileReference; fileEncoding = 4; lastKnownFileType = sourcecode.c.objc; path = MyLocationViewController.m; sourceTree = "<group>"; };
		C699359C18B969F6008FCF8A /* ServicesForBusinessTableViewController.h */ = {isa = PBXFileReference; fileEncoding = 4; lastKnownFileType = sourcecode.c.h; path = ServicesForBusinessTableViewController.h; sourceTree = "<group>"; };
		C699359D18B969F6008FCF8A /* ServicesForBusinessTableViewController.m */ = {isa = PBXFileReference; fileEncoding = 4; lastKnownFileType = sourcecode.c.objc; path = ServicesForBusinessTableViewController.m; sourceTree = "<group>"; };
		C699359E18B969F6008FCF8A /* ShakeHandWithBusinessViewController.h */ = {isa = PBXFileReference; fileEncoding = 4; lastKnownFileType = sourcecode.c.h; path = ShakeHandWithBusinessViewController.h; sourceTree = "<group>"; };
		C699359F18B969F6008FCF8A /* ShakeHandWithBusinessViewController.m */ = {isa = PBXFileReference; fileEncoding = 4; lastKnownFileType = sourcecode.c.objc; path = ShakeHandWithBusinessViewController.m; sourceTree = "<group>"; };
		C69935A418B969F6008FCF8A /* StoreMap.h */ = {isa = PBXFileReference; fileEncoding = 4; lastKnownFileType = sourcecode.c.h; path = StoreMap.h; sourceTree = "<group>"; };
		C69935A518B969F6008FCF8A /* StoreMap.m */ = {isa = PBXFileReference; fileEncoding = 4; lastKnownFileType = sourcecode.c.objc; path = StoreMap.m; sourceTree = "<group>"; };
		C69935A618B969F6008FCF8A /* StoreMapViewController.h */ = {isa = PBXFileReference; fileEncoding = 4; lastKnownFileType = sourcecode.c.h; path = StoreMapViewController.h; sourceTree = "<group>"; };
		C69935A718B969F6008FCF8A /* StoreMapViewController.m */ = {isa = PBXFileReference; fileEncoding = 4; lastKnownFileType = sourcecode.c.objc; path = StoreMapViewController.m; sourceTree = "<group>"; };
		C69935AE18B969F6008FCF8A /* VoteToAddBusinessConfirmation.h */ = {isa = PBXFileReference; fileEncoding = 4; lastKnownFileType = sourcecode.c.h; path = VoteToAddBusinessConfirmation.h; sourceTree = "<group>"; };
		C69935AF18B969F6008FCF8A /* VoteToAddBusinessConfirmation.m */ = {isa = PBXFileReference; fileEncoding = 4; lastKnownFileType = sourcecode.c.objc; path = VoteToAddBusinessConfirmation.m; sourceTree = "<group>"; };
		C69CD8231884EA460067F9DB /* TapForAllItunesArtWork57.png */ = {isa = PBXFileReference; lastKnownFileType = image.png; path = TapForAllItunesArtWork57.png; sourceTree = "<group>"; };
		C69CD8251884EBD50067F9DB /* TapForAllItunesArtWork120.png */ = {isa = PBXFileReference; lastKnownFileType = image.png; path = TapForAllItunesArtWork120.png; sourceTree = "<group>"; };
		C6AB1AFE18C7E7B2001FC051 /* DetailProductItemViewController.xib */ = {isa = PBXFileReference; fileEncoding = 4; lastKnownFileType = file.xib; path = DetailProductItemViewController.xib; sourceTree = "<group>"; };
		C6C91ECC189E3EA700AE6478 /* BusinessListTableViewController.h */ = {isa = PBXFileReference; fileEncoding = 4; lastKnownFileType = sourcecode.c.h; name = BusinessListTableViewController.h; path = MainSourceCode/BusinessListTableViewController.h; sourceTree = "<group>"; };
		C6C91ECD189E3EA700AE6478 /* BusinessListTableViewController.m */ = {isa = PBXFileReference; fileEncoding = 4; lastKnownFileType = sourcecode.c.objc; name = BusinessListTableViewController.m; path = MainSourceCode/BusinessListTableViewController.m; sourceTree = "<group>"; };
		C6C91ED1189E563600AE6478 /* navigation_background.png */ = {isa = PBXFileReference; lastKnownFileType = image.png; path = navigation_background.png; sourceTree = "<group>"; };
		C6DE7D3A188A618D0048B496 /* ShakeHandWithBusinessViewController.xib */ = {isa = PBXFileReference; fileEncoding = 4; lastKnownFileType = file.xib; path = ShakeHandWithBusinessViewController.xib; sourceTree = "<group>"; };
		C6EABE1518B2D1CD00F50D19 /* BusinessTableViewCell.xib */ = {isa = PBXFileReference; fileEncoding = 4; lastKnownFileType = file.xib; path = BusinessTableViewCell.xib; sourceTree = "<group>"; };
		C6EABE1618B2D1CD00F50D19 /* BusinessListTableViewController.xib */ = {isa = PBXFileReference; fileEncoding = 4; lastKnownFileType = file.xib; path = BusinessListTableViewController.xib; sourceTree = "<group>"; };
		C6FDD5CB187CDD2900F4D721 /* BusinessNotificationTableViewController.xib */ = {isa = PBXFileReference; fileEncoding = 4; lastKnownFileType = file.xib; path = BusinessNotificationTableViewController.xib; sourceTree = "<group>"; };
		C6FDD5CD187D079600F4D721 /* ServerInteractionManager.m */ = {isa = PBXFileReference; fileEncoding = 4; lastKnownFileType = sourcecode.c.objc; name = ServerInteractionManager.m; path = MainSourceCode/ServerInteractionManager.m; sourceTree = "<group>"; };
		C6FDD5CE187D079600F4D721 /* ServerInteractionManager.h */ = {isa = PBXFileReference; fileEncoding = 4; lastKnownFileType = sourcecode.c.h; name = ServerInteractionManager.h; path = MainSourceCode/ServerInteractionManager.h; sourceTree = "<group>"; };
		C6FDD5D0187D087900F4D721 /* NewNotificationProtocol.h */ = {isa = PBXFileReference; fileEncoding = 4; lastKnownFileType = sourcecode.c.h; name = NewNotificationProtocol.h; path = MainSourceCode/NewNotificationProtocol.h; sourceTree = "<group>"; };
		C6FDD5D1187D087900F4D721 /* BusinessNotificationTableViewController.m */ = {isa = PBXFileReference; fileEncoding = 4; lastKnownFileType = sourcecode.c.objc; name = BusinessNotificationTableViewController.m; path = MainSourceCode/BusinessNotificationTableViewController.m; sourceTree = "<group>"; };
		C6FDD5D2187D087900F4D721 /* BusinessNotificationTableViewController.h */ = {isa = PBXFileReference; fileEncoding = 4; lastKnownFileType = sourcecode.c.h; name = BusinessNotificationTableViewController.h; path = MainSourceCode/BusinessNotificationTableViewController.h; sourceTree = "<group>"; };
/* End PBXFileReference section */

/* Begin PBXFrameworksBuildPhase section */
		2949CC3214589C7200728B87 /* Frameworks */ = {
			isa = PBXFrameworksBuildPhase;
			buildActionMask = 2147483647;
			files = (
				C650705B18BCB88F00E5D06B /* QuartzCore.framework in Frameworks */,
				29496BDD15EFDE1200127A05 /* ImageIO.framework in Frameworks */,
				29D51BFD156C9D55009F0571 /* MessageUI.framework in Frameworks */,
				29D51BFB156C9D2F009F0571 /* SystemConfiguration.framework in Frameworks */,
				29D51BED156C98E5009F0571 /* CoreGraphics.framework in Frameworks */,
				298A6C7F156C78E400986F29 /* MobileCoreServices.framework in Frameworks */,
				298A6C7B156C76B800986F29 /* libz.1.2.5.dylib in Frameworks */,
				298A6C74156C740900986F29 /* CFNetwork.framework in Frameworks */,
				295F5BE01458C5F400832AE8 /* CoreLocation.framework in Frameworks */,
				295F5BDF1458C5CC00832AE8 /* MapKit.framework in Frameworks */,
				2949CC3A14589C7200728B87 /* UIKit.framework in Frameworks */,
				2949CC3C14589C7200728B87 /* Foundation.framework in Frameworks */,
				2949CC4014589C7200728B87 /* CoreData.framework in Frameworks */,
				023CEA36F88042EF998F5F66 /* libPods.a in Frameworks */,
			);
			runOnlyForDeploymentPostprocessing = 0;
		};
		2949CC5114589C7200728B87 /* Frameworks */ = {
			isa = PBXFrameworksBuildPhase;
			buildActionMask = 2147483647;
			files = (
				2949CC5714589C7200728B87 /* SenTestingKit.framework in Frameworks */,
				2949CC5814589C7200728B87 /* UIKit.framework in Frameworks */,
				2949CC5914589C7200728B87 /* Foundation.framework in Frameworks */,
				2949CC5A14589C7200728B87 /* CoreData.framework in Frameworks */,
			);
			runOnlyForDeploymentPostprocessing = 0;
		};
/* End PBXFrameworksBuildPhase section */

/* Begin PBXGroup section */
		2949CC2A14589C7100728B87 = {
			isa = PBXGroup;
			children = (
				29D29A2315DB77CB00990F62 /* Utility */,
				C699356118B969F6008FCF8A /* MainSourceCode */,
				C6EABE1918B2E19D00F50D19 /* Business */,
				C696970618BC97A300F0B4F5 /* Bill */,
				29D4FCC9159939880034962C /* ConsumerProfile */,
				296AB7BB158368AA00685894 /* Chat */,
				2971AF4616071A630022B72E /* Notification */,
				29D2999D15DB58A800990F62 /* External */,
				2949CCC21458A21700728B87 /* Resources */,
				2949CC4114589C7200728B87 /* TapTalk */,
				2949CC5D14589C7200728B87 /* TapTalkTests */,
				2949CC3814589C7200728B87 /* Frameworks */,
				2949CC3614589C7200728B87 /* Products */,
				99C03DCCF5AF411B99AB2278 /* Pods.xcconfig */,
			);
			sourceTree = "<group>";
		};
		2949CC3614589C7200728B87 /* Products */ = {
			isa = PBXGroup;
			children = (
				2949CC3514589C7200728B87 /* TapForAll.app */,
				2949CC5514589C7200728B87 /* TapForAllTests.octest */,
			);
			name = Products;
			sourceTree = "<group>";
		};
		2949CC3814589C7200728B87 /* Frameworks */ = {
			isa = PBXGroup;
			children = (
				C650705A18BCB88F00E5D06B /* QuartzCore.framework */,
				29496BDC15EFDE1200127A05 /* ImageIO.framework */,
				298A6C7A156C76B800986F29 /* libz.1.2.5.dylib */,
				29D51BFA156C9D2F009F0571 /* SystemConfiguration.framework */,
				29D51BFC156C9D55009F0571 /* MessageUI.framework */,
				29D51BEC156C98E5009F0571 /* CoreGraphics.framework */,
				298A6C73156C740900986F29 /* CFNetwork.framework */,
				298A6C7E156C78E400986F29 /* MobileCoreServices.framework */,
				295F5BDE1458C5CC00832AE8 /* MapKit.framework */,
				295F5BDC1458C5BE00832AE8 /* CoreLocation.framework */,
				2949CC3914589C7200728B87 /* UIKit.framework */,
				2949CC3B14589C7200728B87 /* Foundation.framework */,
				2949CC3F14589C7200728B87 /* CoreData.framework */,
				2949CC5614589C7200728B87 /* SenTestingKit.framework */,
				7C842395C1AA4059895F19C5 /* libPods.a */,
			);
			name = Frameworks;
			sourceTree = "<group>";
		};
		2949CC4114589C7200728B87 /* TapTalk */ = {
			isa = PBXGroup;
			children = (
				2949CC4D14589C7200728B87 /* TapTalk.xcdatamodeld */,
				2949CC4214589C7200728B87 /* Supporting Files */,
			);
			path = TapTalk;
			sourceTree = "<group>";
		};
		2949CC4214589C7200728B87 /* Supporting Files */ = {
			isa = PBXGroup;
			children = (
				2949CC4314589C7200728B87 /* TapForAll-Info.plist */,
				2949CC4414589C7200728B87 /* InfoPlist.strings */,
				2949CC4714589C7200728B87 /* main.m */,
				2949CC4914589C7200728B87 /* TapForAll-Prefix.pch */,
			);
			name = "Supporting Files";
			sourceTree = "<group>";
		};
		2949CC5D14589C7200728B87 /* TapTalkTests */ = {
			isa = PBXGroup;
			children = (
				2949CC6314589C7200728B87 /* TapTalkTests.h */,
				2949CC6414589C7200728B87 /* TapTalkTests.m */,
				2949CC5E14589C7200728B87 /* Supporting Files */,
			);
			path = TapTalkTests;
			sourceTree = "<group>";
		};
		2949CC5E14589C7200728B87 /* Supporting Files */ = {
			isa = PBXGroup;
			children = (
				2949CC5F14589C7200728B87 /* TapForAllTests-Info.plist */,
				2949CC6014589C7200728B87 /* InfoPlist.strings */,
			);
			name = "Supporting Files";
			sourceTree = "<group>";
		};
		2949CCC21458A21700728B87 /* Resources */ = {
			isa = PBXGroup;
			children = (
				2949CCC31458A21700728B87 /* Data */,
				2949CCC61458A21700728B87 /* Images */,
				2949CCDE1458A21700728B87 /* Xibs */,
			);
			path = Resources;
			sourceTree = "<group>";
		};
		2949CCC31458A21700728B87 /* Data */ = {
			isa = PBXGroup;
			children = (
				2968043F1502164000D15241 /* Businesses Property List.plist */,
			);
			path = Data;
			sourceTree = "<group>";
		};
		2949CCC61458A21700728B87 /* Images */ = {
			isa = PBXGroup;
			children = (
				C66237FD18C03E5B00750F82 /* disabled_button_bg.png */,
				C650705C18BD4CBD00E5D06B /* Default-568h@2x.png */,
				C6235F6218B1F62000C216CB /* navigation_button.png */,
				C6C91ED1189E563600AE6478 /* navigation_background.png */,
				C69CD8251884EBD50067F9DB /* TapForAllItunesArtWork120.png */,
				29EEAA2215EACCCD00988BA5 /* indicator.png */,
				C69CD8231884EA460067F9DB /* TapForAllItunesArtWork57.png */,
				29BA182D15C8634200C499FD /* bg_image.jpg */,
				29403656159E66E000487779 /* ProfileTabBarIcon.png */,
				29403657159E66E000487779 /* ProfileTabBarIcon@2x.png */,
				293FA98B1595BF8B00B6A29F /* Messages.png */,
				293FA98C1595BF8B00B6A29F /* Messages@2x.png */,
				29397890157B607600D3D23D /* BubbleLefthand.png */,
				29397891157B607600D3D23D /* BubbleRighthand.png */,
				297575BA14FCD9FB009DF0D5 /* StoreMap.jpg */,
				29D85FBB14EE452000BDE695 /* Grocery_Location.jpg */,
				29ECC44B14CCC06C0098653A /* EnterBusiness@2x.png */,
				29E693CF14CC044B007E958F /* EnterBusiness.png */,
				29449C7A14C5860B004D8538 /* House_woody_cat_table.jpg */,
				2949CCC91458A21700728B87 /* checkedRadioButton.png */,
				2949CCCA1458A21700728B87 /* flag.png */,
				2925109314ECC1C300866384 /* CoffeeStore.jpg */,
				2949CCCF1458A21700728B87 /* House_woody_cat.jpg */,
				2949CCD11458A21700728B87 /* ImageOfABill.jpg */,
				2949CCD21458A21700728B87 /* kermit_empty.png */,
				2949CCD31458A21700728B87 /* kermit_full.png */,
				2949CCD41458A21700728B87 /* kermit_half.png */,
				2949CCD61458A21700728B87 /* Notifications.png */,
				2949CCDD1458A21700728B87 /* woody_cat_icon.png */,
			);
			path = Images;
			sourceTree = "<group>";
		};
		2949CCDE1458A21700728B87 /* Xibs */ = {
			isa = PBXGroup;
			children = (
				C696970918BC984300F0B4F5 /* BillPayViewController.xib */,
				C6EABE1518B2D1CD00F50D19 /* BusinessTableViewCell.xib */,
				C6EABE1618B2D1CD00F50D19 /* BusinessListTableViewController.xib */,
				C6DE7D3A188A618D0048B496 /* ShakeHandWithBusinessViewController.xib */,
				C6FDD5CB187CDD2900F4D721 /* BusinessNotificationTableViewController.xib */,
				29ECC44C14CCC06C00986567 /* StoreMapViewController.xib */,
				290481BD150433CE0066002B /* ProductItemsTableViewController.xib */,
				C6AB1AFE18C7E7B2001FC051 /* DetailProductItemViewController.xib */,
				29ECC44C14CCC06C00986565 /* ProductItemViewCell.xib */,
				29AC066215DD9A490039C118 /* VoteToAddBusinessConfirmation.xib */,
				29D4FCD315993CCE0034962C /* ConsumerProfileViewController.xib */,
				2949CCE91458A21700728B87 /* ChatMessagesViewController.xib */,
				2935D2981569E842003FB5CB /* LoginViewController.xib */,
				290CF8AF1541E65A00E1B81F /* ServicesForBusinessTableViewController.xib */,
				29C3A2E8153EC4AF00843CAC /* DetailBusinessViewController.xib */,
				2949CCE01458A21700728B87 /* BillViewController.xib */,
				2949CCE61458A21700728B87 /* MenuViewController.xib */,
				2949CCE81458A21700728B87 /* AskForSeviceViewController.xib */,
				2949CCEA1458A21700728B87 /* MyLocationViewController.xib */,
				2949CCED1458A21700728B87 /* PublicProfile.xib */,
				2949CCE71458A21700728B87 /* MeowConfirmationViewController.xib */,
				C6700CFC1859DAA4003814C9 /* NotificationTableViewCell.xib */,
			);
			path = Xibs;
			sourceTree = "<group>";
		};
		296AB7BB158368AA00685894 /* Chat */ = {
			isa = PBXGroup;
			children = (
				29ECC44C14CCC06C0098655A /* TapTalkChatMessage.m */,
				29ECC44C14CCC06C00986559 /* TapTalkChatMessage.h */,
				29ECC44C14CCC06C00986557 /* SpeechBubbleView.m */,
				29ECC44C14CCC06C00986556 /* SpeechBubbleView.h */,
				29ECC44C14CCC06C00986554 /* MessageTableViewCell.m */,
				29ECC44C14CCC06C00986553 /* MessageTableViewCell.h */,
				29ECC44C14CCC06C00986551 /* LoginViewController.m */,
				29ECC44C14CCC06C00986550 /* LoginViewController.h */,
				29ECC44C14CCC06C00986548 /* ChatTableView.m */,
				29ECC44C14CCC06C00986547 /* ChatTableView.h */,
				29ECC44C14CCC06C00986545 /* ChatMessagesViewController.m */,
				29ECC44C14CCC06C00986544 /* ChatMessagesViewController.h */,
			);
			name = Chat;
			sourceTree = "<group>";
		};
		2971AF4616071A630022B72E /* Notification */ = {
			isa = PBXGroup;
			children = (
				C6FDD5D0187D087900F4D721 /* NewNotificationProtocol.h */,
				C6FDD5D1187D087900F4D721 /* BusinessNotificationTableViewController.m */,
				C6FDD5D2187D087900F4D721 /* BusinessNotificationTableViewController.h */,
				2971AF4716071AFA0022B72E /* NotificationPermissionViewController.h */,
				2971AF4816071AFA0022B72E /* NotificationPermissionViewController.m */,
				C6700CF91859D74B003814C9 /* NotificationTableViewCell.h */,
				C6700CFA1859D74B003814C9 /* NotificationTableViewCell.m */,
			);
			name = Notification;
			sourceTree = "<group>";
		};
		29D2999D15DB58A800990F62 /* External */ = {
			isa = PBXGroup;
			children = (
				29D29A1615DB5AFA00990F62 /* GooglePlaces */,
			);
			path = External;
			sourceTree = "<group>";
		};
		29D29A1615DB5AFA00990F62 /* GooglePlaces */ = {
			isa = PBXGroup;
			children = (
				29D29A1715DB5AFA00990F62 /* GooglePlacesConnection.h */,
				29D29A1815DB5AFA00990F62 /* GooglePlacesConnection.m */,
				29D29A1915DB5AFA00990F62 /* GooglePlacesObject.h */,
				29D29A1A15DB5AFA00990F62 /* GooglePlacesObject.m */,
			);
			path = GooglePlaces;
			sourceTree = "<group>";
		};
		29D29A2315DB77CB00990F62 /* Utility */ = {
			isa = PBXGroup;
			children = (
				29ECC44C14CCC06C00986571 /* UIAlertView+TapTalkAlerts.m */,
				29ECC44C14CCC06C00986570 /* UIAlertView+TapTalkAlerts.h */,
				29ECC44C14CCC06C0098656E /* TapTalkLooks.m */,
				29ECC44C14CCC06C0098656D /* TapTalkLooks.h */,
				29ECC44C14CCC06C0098656B /* RateView.m */,
				29ECC44C14CCC06C0098656A /* RateView.h */,
				29ECC44C14CCC06C00986569 /* Consts.h */,
				C6FDD5CD187D079600F4D721 /* ServerInteractionManager.m */,
				C6FDD5CE187D079600F4D721 /* ServerInteractionManager.h */,
			);
			name = Utility;
			sourceTree = "<group>";
		};
		29D29A2415DB786800990F62 /* BusinessProducts */ = {
			isa = PBXGroup;
			children = (
				29CDC4B316293F5A002E3D5A /* BusinessProductsUtils.h */,
				29CDC4B416293F5A002E3D5A /* BusinessProductsUtils.m */,
				29ECC44C14CCC06C0098653F /* ProductItemsTableViewController.m */,
				29ECC44C14CCC06C0098653E /* ProductItemsTableViewController.h */,
				29ECC44C14CCC06C0098653C /* ProductItemViewCell.m */,
				29ECC44C14CCC06C0098653B /* ProductItemViewCell.h */,
				29C1216415EB479B0093168B /* DetailProductItemViewController.h */,
				29C1216515EB479B0093168B /* DetailProductItemViewController.m */,
			);
			name = BusinessProducts;
			sourceTree = "<group>";
		};
		29D4FCC9159939880034962C /* ConsumerProfile */ = {
			isa = PBXGroup;
			children = (
				29ECC44C14CCC06C00986562 /* PublicProfile.h */,
				29ECC44C14CCC06C00986563 /* PublicProfile.m */,
				29ECC44C14CCC06C0098655D /* ConsumerProfileViewController.m */,
				29ECC44C14CCC06C0098655C /* ConsumerProfileViewController.h */,
			);
			name = ConsumerProfile;
			sourceTree = "<group>";
		};
		C696970618BC97A300F0B4F5 /* Bill */ = {
			isa = PBXGroup;
			children = (
				C696970718BC984300F0B4F5 /* BillPayViewController.h */,
				C696970818BC984300F0B4F5 /* BillPayViewController.m */,
				C699356418B969F6008FCF8A /* BillViewController.h */,
				C699356518B969F6008FCF8A /* BillViewController.m */,
			);
			name = Bill;
			sourceTree = "<group>";
		};
		C699356118B969F6008FCF8A /* MainSourceCode */ = {
			isa = PBXGroup;
			children = (
				C699356218B969F6008FCF8A /* AppDelegate.h */,
				C699356318B969F6008FCF8A /* AppDelegate.m */,
				C699357618B969F6008FCF8A /* Consts.h */,
				C699357918B969F6008FCF8A /* DataModel.h */,
				C699357A18B969F6008FCF8A /* DataModel.m */,
				C699358518B969F6008FCF8A /* MenuViewController.h */,
				C699358618B969F6008FCF8A /* MenuViewController.m */,
				C699358718B969F6008FCF8A /* MeowConfirmationViewController.h */,
				C699358818B969F6008FCF8A /* MeowConfirmationViewController.m */,
				C699358918B969F6008FCF8A /* AskForSeviceViewController.h */,
				C699358A18B969F6008FCF8A /* AskForSeviceViewController.m */,
				C699358D18B969F6008FCF8A /* MyLocationViewController.h */,
				C699358E18B969F6008FCF8A /* MyLocationViewController.m */,
				C699359C18B969F6008FCF8A /* ServicesForBusinessTableViewController.h */,
				C699359D18B969F6008FCF8A /* ServicesForBusinessTableViewController.m */,
				C699359E18B969F6008FCF8A /* ShakeHandWithBusinessViewController.h */,
				C699359F18B969F6008FCF8A /* ShakeHandWithBusinessViewController.m */,
				C69935A418B969F6008FCF8A /* StoreMap.h */,
				C69935A518B969F6008FCF8A /* StoreMap.m */,
				C69935A618B969F6008FCF8A /* StoreMapViewController.h */,
				C69935A718B969F6008FCF8A /* StoreMapViewController.m */,
				C69935AE18B969F6008FCF8A /* VoteToAddBusinessConfirmation.h */,
				C69935AF18B969F6008FCF8A /* VoteToAddBusinessConfirmation.m */,
			);
			path = MainSourceCode;
			sourceTree = "<group>";
		};
		C6EABE1918B2E19D00F50D19 /* Business */ = {
			isa = PBXGroup;
			children = (
				29711A1A15DB7FF20094F086 /* Business.h */,
				2949CD231458A9CC00728B87 /* Business.m */,
				295C3AFB14E65F42000FB813 /* BusinessCustomerProfileManager.h */,
				295C3AFC14E65F42000FB813 /* BusinessCustomerProfileManager.m */,
				C67D4D4018AEFFEE00D6DF6C /* ListofBusinesses.h */,
				C67D4D4118AEFFEE00D6DF6C /* ListofBusinesses.m */,
				C6235F6418B2242400C216CB /* BusinessTableViewCell.h */,
				C6235F6518B2242400C216CB /* BusinessTableViewCell.m */,
				C6C91ECC189E3EA700AE6478 /* BusinessListTableViewController.h */,
				C6C91ECD189E3EA700AE6478 /* BusinessListTableViewController.m */,
				291850C8153E8DA8008B6EBB /* DetailBusinessViewController.m */,
				291850C7153E8DA8008B6EBB /* DetailBusinessViewController.h */,
				29D29A2415DB786800990F62 /* BusinessProducts */,
			);
			name = Business;
			sourceTree = "<group>";
		};
/* End PBXGroup section */

/* Begin PBXNativeTarget section */
		2949CC3414589C7200728B87 /* TapForAll */ = {
			isa = PBXNativeTarget;
			buildConfigurationList = 2949CC6814589C7200728B87 /* Build configuration list for PBXNativeTarget "TapForAll" */;
			buildPhases = (
				BF96C16A18D54DAFB4AB062A /* Check Pods Manifest.lock */,
				2949CC3114589C7200728B87 /* Sources */,
				2949CC3214589C7200728B87 /* Frameworks */,
				2949CC3314589C7200728B87 /* Resources */,
				FF63121F93494DB984BFA5F2 /* Copy Pods Resources */,
			);
			buildRules = (
			);
			dependencies = (
			);
			name = TapForAll;
			productName = TapTalk;
			productReference = 2949CC3514589C7200728B87 /* TapForAll.app */;
			productType = "com.apple.product-type.application";
		};
		2949CC5414589C7200728B87 /* TapForAllTests */ = {
			isa = PBXNativeTarget;
			buildConfigurationList = 2949CC6B14589C7200728B87 /* Build configuration list for PBXNativeTarget "TapForAllTests" */;
			buildPhases = (
				2949CC5014589C7200728B87 /* Sources */,
				2949CC5114589C7200728B87 /* Frameworks */,
				2949CC5214589C7200728B87 /* Resources */,
				2949CC5314589C7200728B87 /* ShellScript */,
			);
			buildRules = (
			);
			dependencies = (
				2949CC5C14589C7200728B87 /* PBXTargetDependency */,
			);
			name = TapForAllTests;
			productName = TapTalkTests;
			productReference = 2949CC5514589C7200728B87 /* TapForAllTests.octest */;
			productType = "com.apple.product-type.bundle";
		};
/* End PBXNativeTarget section */

/* Begin PBXProject section */
		2949CC2C14589C7100728B87 /* Project object */ = {
			isa = PBXProject;
			attributes = {
				LastUpgradeCheck = 0510;
				TargetAttributes = {
					2949CC3414589C7200728B87 = {
						DevelopmentTeam = E79MNN58JH;
					};
				};
			};
			buildConfigurationList = 2949CC2F14589C7100728B87 /* Build configuration list for PBXProject "TapForAll" */;
			compatibilityVersion = "Xcode 3.2";
			developmentRegion = English;
			hasScannedForEncodings = 0;
			knownRegions = (
				en,
			);
			mainGroup = 2949CC2A14589C7100728B87;
			productRefGroup = 2949CC3614589C7200728B87 /* Products */;
			projectDirPath = "";
			projectRoot = "";
			targets = (
				2949CC3414589C7200728B87 /* TapForAll */,
				2949CC5414589C7200728B87 /* TapForAllTests */,
			);
		};
/* End PBXProject section */

/* Begin PBXResourcesBuildPhase section */
		2949CC3314589C7200728B87 /* Resources */ = {
			isa = PBXResourcesBuildPhase;
			buildActionMask = 2147483647;
			files = (
				2949CC4614589C7200728B87 /* InfoPlist.strings in Resources */,
				C69CD8261884EBD50067F9DB /* TapForAllItunesArtWork120.png in Resources */,
				2949CCF21458A21700728B87 /* checkedRadioButton.png in Resources */,
				2949CCF31458A21700728B87 /* flag.png in Resources */,
				2949CCF81458A21700728B87 /* House_woody_cat.jpg in Resources */,
				2949CCFA1458A21700728B87 /* ImageOfABill.jpg in Resources */,
				2949CCFB1458A21700728B87 /* kermit_empty.png in Resources */,
				2949CCFC1458A21700728B87 /* kermit_full.png in Resources */,
				C66237FE18C03E5B00750F82 /* disabled_button_bg.png in Resources */,
				C650705D18BD4CBD00E5D06B /* Default-568h@2x.png in Resources */,
				C696970B18BC984300F0B4F5 /* BillPayViewController.xib in Resources */,
				C69CD8241884EA460067F9DB /* TapForAllItunesArtWork57.png in Resources */,
				2949CCFD1458A21700728B87 /* kermit_half.png in Resources */,
				2949CCFF1458A21700728B87 /* Notifications.png in Resources */,
				2949CD061458A21700728B87 /* woody_cat_icon.png in Resources */,
				2949CD081458A21700728B87 /* BillViewController.xib in Resources */,
				2949CD0E1458A21700728B87 /* MenuViewController.xib in Resources */,
				2949CD0F1458A21700728B87 /* MeowConfirmationViewController.xib in Resources */,
				C6EABE1818B2D1CD00F50D19 /* BusinessListTableViewController.xib in Resources */,
				2949CD101458A21700728B87 /* AskForSeviceViewController.xib in Resources */,
				C6C91ED2189E563600AE6478 /* navigation_background.png in Resources */,
				2949CD111458A21700728B87 /* ChatMessagesViewController.xib in Resources */,
				2949CD121458A21700728B87 /* MyLocationViewController.xib in Resources */,
				2949CD151458A21700728B87 /* PublicProfile.xib in Resources */,
				29449C7B14C5860B004D8538 /* House_woody_cat_table.jpg in Resources */,
				C6EABE1718B2D1CD00F50D19 /* BusinessTableViewCell.xib in Resources */,
				29E693D014CC044B007E958F /* EnterBusiness.png in Resources */,
				C6DE7D3B188A618D0048B496 /* ShakeHandWithBusinessViewController.xib in Resources */,
				29ECC44C14CCC06C0098653A /* EnterBusiness@2x.png in Resources */,
				2925109414ECC1C300866384 /* CoffeeStore.jpg in Resources */,
				29D85FBC14EE452000BDE695 /* Grocery_Location.jpg in Resources */,
				297575BB14FCD9FB009DF0D5 /* StoreMap.jpg in Resources */,
				296804401502164000D15241 /* Businesses Property List.plist in Resources */,
				290481BE150433CE0066002B /* ProductItemsTableViewController.xib in Resources */,
				29C3A2E9153EC4AF00843CAC /* DetailBusinessViewController.xib in Resources */,
				290CF8B01541E65A00E1B81F /* ServicesForBusinessTableViewController.xib in Resources */,
				C6235F6318B1F62000C216CB /* navigation_button.png in Resources */,
				2935D2991569E842003FB5CB /* LoginViewController.xib in Resources */,
				29397892157B607600D3D23D /* BubbleLefthand.png in Resources */,
				29397893157B607600D3D23D /* BubbleRighthand.png in Resources */,
				293FA98D1595BF8B00B6A29F /* Messages.png in Resources */,
				293FA98E1595BF8B00B6A29F /* Messages@2x.png in Resources */,
				29D4FCD415993CCE0034962C /* ConsumerProfileViewController.xib in Resources */,
				C6FDD5CC187CDD2900F4D721 /* BusinessNotificationTableViewController.xib in Resources */,
				29403658159E66E000487779 /* ProfileTabBarIcon.png in Resources */,
				29403659159E66E000487779 /* ProfileTabBarIcon@2x.png in Resources */,
				29BA182E15C8634200C499FD /* bg_image.jpg in Resources */,
				29AC066315DD9A490039C118 /* VoteToAddBusinessConfirmation.xib in Resources */,
				29ECC44C14CCC06C00986566 /* ProductItemViewCell.xib in Resources */,
				C6700CFD1859DAA4003814C9 /* NotificationTableViewCell.xib in Resources */,
				C6AB1AFF18C7E7B2001FC051 /* DetailProductItemViewController.xib in Resources */,
				29ECC44C14CCC06C00986568 /* StoreMapViewController.xib in Resources */,
				29EEAA2315EACCCD00988BA5 /* indicator.png in Resources */,
			);
			runOnlyForDeploymentPostprocessing = 0;
		};
		2949CC5214589C7200728B87 /* Resources */ = {
			isa = PBXResourcesBuildPhase;
			buildActionMask = 2147483647;
			files = (
				2949CC6214589C7200728B87 /* InfoPlist.strings in Resources */,
			);
			runOnlyForDeploymentPostprocessing = 0;
		};
/* End PBXResourcesBuildPhase section */

/* Begin PBXShellScriptBuildPhase section */
		2949CC5314589C7200728B87 /* ShellScript */ = {
			isa = PBXShellScriptBuildPhase;
			buildActionMask = 2147483647;
			files = (
			);
			inputPaths = (
			);
			outputPaths = (
			);
			runOnlyForDeploymentPostprocessing = 0;
			shellPath = /bin/sh;
			shellScript = "# Run the unit tests in this test bundle.\n\"${SYSTEM_DEVELOPER_DIR}/Tools/RunUnitTests\"\n";
		};
		BF96C16A18D54DAFB4AB062A /* Check Pods Manifest.lock */ = {
			isa = PBXShellScriptBuildPhase;
			buildActionMask = 2147483647;
			files = (
			);
			inputPaths = (
			);
			name = "Check Pods Manifest.lock";
			outputPaths = (
			);
			runOnlyForDeploymentPostprocessing = 0;
			shellPath = /bin/sh;
			shellScript = "diff \"${PODS_ROOT}/../Podfile.lock\" \"${PODS_ROOT}/Manifest.lock\" > /dev/null\nif [[ $? != 0 ]] ; then\n    cat << EOM\nerror: The sandbox is not in sync with the Podfile.lock. Run 'pod install' or update your CocoaPods installation.\nEOM\n    exit 1\nfi\n";
			showEnvVarsInLog = 0;
		};
		FF63121F93494DB984BFA5F2 /* Copy Pods Resources */ = {
			isa = PBXShellScriptBuildPhase;
			buildActionMask = 2147483647;
			files = (
			);
			inputPaths = (
			);
			name = "Copy Pods Resources";
			outputPaths = (
			);
			runOnlyForDeploymentPostprocessing = 0;
			shellPath = /bin/sh;
			shellScript = "\"${SRCROOT}/Pods/Pods-resources.sh\"\n";
			showEnvVarsInLog = 0;
		};
/* End PBXShellScriptBuildPhase section */

/* Begin PBXSourcesBuildPhase section */
		2949CC3114589C7200728B87 /* Sources */ = {
			isa = PBXSourcesBuildPhase;
			buildActionMask = 2147483647;
			files = (
				2949CC4814589C7200728B87 /* main.m in Sources */,
				C6235F6718B2242400C216CB /* BusinessTableViewCell.m in Sources */,
				2949CC4F14589C7200728B87 /* TapTalk.xcdatamodeld in Sources */,
				C69935D518B969F6008FCF8A /* VoteToAddBusinessConfirmation.m in Sources */,
				C6C91ECF189E3EA700AE6478 /* BusinessListTableViewController.m in Sources */,
				2949CD351458A9CC00728B87 /* Business.m in Sources */,
				C67D4D4218AEFFEE00D6DF6C /* ListofBusinesses.m in Sources */,
				C6700CFB1859D74B003814C9 /* NotificationTableViewCell.m in Sources */,
				C696970A18BC984300F0B4F5 /* BillPayViewController.m in Sources */,
				C69935C318B969F6008FCF8A /* AskForSeviceViewController.m in Sources */,
				295C3AFD14E65F42000FB813 /* BusinessCustomerProfileManager.m in Sources */,
				291850CA153E8DA8008B6EBB /* DetailBusinessViewController.m in Sources */,
				29D29A2015DB5AFA00990F62 /* GooglePlacesConnection.m in Sources */,
				29D29A2115DB5AFA00990F62 /* GooglePlacesObject.m in Sources */,
				29ECC44C14CCC06C0098653D /* ProductItemViewCell.m in Sources */,
				29ECC44C14CCC06C00986540 /* ProductItemsTableViewController.m in Sources */,
				29ECC44C14CCC06C00986546 /* ChatMessagesViewController.m in Sources */,
				C69935B118B969F6008FCF8A /* BillViewController.m in Sources */,
				C69935B018B969F6008FCF8A /* AppDelegate.m in Sources */,
				29ECC44C14CCC06C00986549 /* ChatTableView.m in Sources */,
				C69935D118B969F6008FCF8A /* StoreMapViewController.m in Sources */,
				29ECC44C14CCC06C00986552 /* LoginViewController.m in Sources */,
				C69935BB18B969F6008FCF8A /* DataModel.m in Sources */,
				29ECC44C14CCC06C00986555 /* MessageTableViewCell.m in Sources */,
				29ECC44C14CCC06C00986558 /* SpeechBubbleView.m in Sources */,
				29ECC44C14CCC06C0098655B /* TapTalkChatMessage.m in Sources */,
				C6FDD5D3187D087900F4D721 /* BusinessNotificationTableViewController.m in Sources */,
				29ECC44C14CCC06C0098655E /* ConsumerProfileViewController.m in Sources */,
				C69935D018B969F6008FCF8A /* StoreMap.m in Sources */,
				C6FDD5CF187D079600F4D721 /* ServerInteractionManager.m in Sources */,
				C69935CC18B969F6008FCF8A /* ServicesForBusinessTableViewController.m in Sources */,
				29ECC44C14CCC06C00986564 /* PublicProfile.m in Sources */,
				C69935C518B969F6008FCF8A /* MyLocationViewController.m in Sources */,
				C69935CD18B969F6008FCF8A /* ShakeHandWithBusinessViewController.m in Sources */,
				29ECC44C14CCC06C0098656C /* RateView.m in Sources */,
				C69935C118B969F6008FCF8A /* MenuViewController.m in Sources */,
				C69935C218B969F6008FCF8A /* MeowConfirmationViewController.m in Sources */,
				29ECC44C14CCC06C0098656F /* TapTalkLooks.m in Sources */,
				29ECC44C14CCC06C00986572 /* UIAlertView+TapTalkAlerts.m in Sources */,
				29C1216715EB479B0093168B /* DetailProductItemViewController.m in Sources */,
				2971AF4A16071AFA0022B72E /* NotificationPermissionViewController.m in Sources */,
				29CDC4B516293F5A002E3D5A /* BusinessProductsUtils.m in Sources */,
			);
			runOnlyForDeploymentPostprocessing = 0;
		};
		2949CC5014589C7200728B87 /* Sources */ = {
			isa = PBXSourcesBuildPhase;
			buildActionMask = 2147483647;
			files = (
				2949CC6514589C7200728B87 /* TapTalkTests.m in Sources */,
				295C3AFE14E65F42000FB813 /* BusinessCustomerProfileManager.m in Sources */,
			);
			runOnlyForDeploymentPostprocessing = 0;
		};
/* End PBXSourcesBuildPhase section */

/* Begin PBXTargetDependency section */
		2949CC5C14589C7200728B87 /* PBXTargetDependency */ = {
			isa = PBXTargetDependency;
			target = 2949CC3414589C7200728B87 /* TapForAll */;
			targetProxy = 2949CC5B14589C7200728B87 /* PBXContainerItemProxy */;
		};
/* End PBXTargetDependency section */

/* Begin PBXVariantGroup section */
		2949CC4414589C7200728B87 /* InfoPlist.strings */ = {
			isa = PBXVariantGroup;
			children = (
				2949CC4514589C7200728B87 /* en */,
			);
			name = InfoPlist.strings;
			sourceTree = "<group>";
		};
		2949CC6014589C7200728B87 /* InfoPlist.strings */ = {
			isa = PBXVariantGroup;
			children = (
				2949CC6114589C7200728B87 /* en */,
			);
			name = InfoPlist.strings;
			sourceTree = "<group>";
		};
/* End PBXVariantGroup section */

/* Begin XCBuildConfiguration section */
		2949CC6614589C7200728B87 /* Debug */ = {
			isa = XCBuildConfiguration;
			buildSettings = {
				ALWAYS_SEARCH_USER_PATHS = NO;
				CLANG_ENABLE_OBJC_ARC = YES;
				CLANG_WARN_BOOL_CONVERSION = YES;
				CLANG_WARN_CONSTANT_CONVERSION = YES;
				CLANG_WARN_EMPTY_BODY = YES;
				CLANG_WARN_ENUM_CONVERSION = YES;
				CLANG_WARN_INT_CONVERSION = YES;
				CLANG_WARN__DUPLICATE_METHOD_MATCH = YES;
				CODE_SIGN_IDENTITY = "iPhone Developer: Mohammad Amirmansoury (TGS9Q787ZF)";
				"CODE_SIGN_IDENTITY[sdk=iphoneos*]" = "iPhone Developer: Mohammad Amirmansoury (TGS9Q787ZF)";
				COPY_PHASE_STRIP = NO;
				CURRENT_PROJECT_VERSION = 1.1;
				GCC_C_LANGUAGE_STANDARD = gnu99;
				GCC_DYNAMIC_NO_PIC = NO;
				GCC_OPTIMIZATION_LEVEL = 0;
				GCC_PREPROCESSOR_DEFINITIONS = (
					"DEBUG=1",
					"$(inherited)",
				);
				GCC_SYMBOLS_PRIVATE_EXTERN = NO;
				GCC_VERSION = com.apple.compilers.llvm.clang.1_0;
				GCC_WARN_64_TO_32_BIT_CONVERSION = YES;
				GCC_WARN_ABOUT_MISSING_PROTOTYPES = YES;
				GCC_WARN_ABOUT_RETURN_TYPE = YES;
				GCC_WARN_UNDECLARED_SELECTOR = YES;
				GCC_WARN_UNINITIALIZED_AUTOS = YES;
				GCC_WARN_UNUSED_FUNCTION = YES;
				GCC_WARN_UNUSED_VARIABLE = YES;
				HEADER_SEARCH_PATHS = (
					"”$(TARGET_BUILD_DIR)/usr/local/lib/include”/**",
					"”$(OBJROOT)/UninstalledProducts/include”/**",
				);
				IPHONEOS_DEPLOYMENT_TARGET = 7.0;
				ONLY_ACTIVE_ARCH = YES;
				PROVISIONING_PROFILE = "AB12D30F-9193-40F1-8012-321E2C070612";
				"PROVISIONING_PROFILE[sdk=iphoneos*]" = "AB12D30F-9193-40F1-8012-321E2C070612";
				SDKROOT = iphoneos;
				VERSIONING_SYSTEM = "apple-generic";
			};
			name = Debug;
		};
		2949CC6714589C7200728B87 /* Release */ = {
			isa = XCBuildConfiguration;
			buildSettings = {
				ALWAYS_SEARCH_USER_PATHS = NO;
				CLANG_ENABLE_OBJC_ARC = YES;
				CLANG_WARN_BOOL_CONVERSION = YES;
				CLANG_WARN_CONSTANT_CONVERSION = YES;
				CLANG_WARN_EMPTY_BODY = YES;
				CLANG_WARN_ENUM_CONVERSION = YES;
				CLANG_WARN_INT_CONVERSION = YES;
				CLANG_WARN__DUPLICATE_METHOD_MATCH = YES;
				CODE_SIGN_IDENTITY = "iPhone Distribution: Mohammad Amirmansoury (E79MNN58JH)";
				"CODE_SIGN_IDENTITY[sdk=iphoneos*]" = "iPhone Distribution: Mohammad Amirmansoury (E79MNN58JH)";
				COPY_PHASE_STRIP = YES;
				CURRENT_PROJECT_VERSION = 1.1;
				GCC_C_LANGUAGE_STANDARD = gnu99;
				GCC_VERSION = com.apple.compilers.llvm.clang.1_0;
				GCC_WARN_64_TO_32_BIT_CONVERSION = YES;
				GCC_WARN_ABOUT_MISSING_PROTOTYPES = YES;
				GCC_WARN_ABOUT_RETURN_TYPE = YES;
				GCC_WARN_UNDECLARED_SELECTOR = YES;
				GCC_WARN_UNINITIALIZED_AUTOS = YES;
				GCC_WARN_UNUSED_FUNCTION = YES;
				GCC_WARN_UNUSED_VARIABLE = YES;
				HEADER_SEARCH_PATHS = (
					"”$(TARGET_BUILD_DIR)/usr/local/lib/include”/**",
					"”$(OBJROOT)/UninstalledProducts/include”/**",
				);
				IPHONEOS_DEPLOYMENT_TARGET = 7.0;
				OTHER_CFLAGS = "-DNS_BLOCK_ASSERTIONS=1";
				PROVISIONING_PROFILE = "15604803-28B1-4D42-9046-9AF35A82783A";
				"PROVISIONING_PROFILE[sdk=iphoneos*]" = "15604803-28B1-4D42-9046-9AF35A82783A";
				SDKROOT = iphoneos;
				VALIDATE_PRODUCT = YES;
				VERSIONING_SYSTEM = "apple-generic";
			};
			name = Release;
		};
		2949CC6914589C7200728B87 /* Debug */ = {
			isa = XCBuildConfiguration;
			baseConfigurationReference = 99C03DCCF5AF411B99AB2278 /* Pods.xcconfig */;
			buildSettings = {
				CODE_SIGN_IDENTITY = "iPhone Developer";
				"CODE_SIGN_IDENTITY[sdk=iphoneos*]" = "iPhone Developer";
				GCC_PRECOMPILE_PREFIX_HEADER = YES;
				GCC_PREFIX_HEADER = "TapTalk/TapForAll-Prefix.pch";
				HEADER_SEARCH_PATHS = "$(inherited)";
				INFOPLIST_FILE = "TapTalk/TapForAll-Info.plist";
				IPHONEOS_DEPLOYMENT_TARGET = 7.0;
				OTHER_LDFLAGS = "-ObjC";
				PRODUCT_NAME = "$(TARGET_NAME)";
				PROVISIONING_PROFILE = "";
				"PROVISIONING_PROFILE[sdk=*]" = "";
				USER_HEADER_SEARCH_PATHS = "";
				"USER_HEADER_SEARCH_PATHS[arch=*]" = "";
				WRAPPER_EXTENSION = app;
			};
			name = Debug;
		};
		2949CC6A14589C7200728B87 /* Release */ = {
			isa = XCBuildConfiguration;
			baseConfigurationReference = 99C03DCCF5AF411B99AB2278 /* Pods.xcconfig */;
			buildSettings = {
				CODE_SIGN_IDENTITY = "iPhone Developer";
				"CODE_SIGN_IDENTITY[sdk=iphoneos*]" = "iPhone Developer";
				GCC_PRECOMPILE_PREFIX_HEADER = YES;
				GCC_PREFIX_HEADER = "TapTalk/TapForAll-Prefix.pch";
				HEADER_SEARCH_PATHS = "$(inherited)";
				INFOPLIST_FILE = "TapTalk/TapForAll-Info.plist";
				IPHONEOS_DEPLOYMENT_TARGET = 7.0;
				ONLY_ACTIVE_ARCH = YES;
				OTHER_LDFLAGS = "-ObjC";
				PRODUCT_NAME = "$(TARGET_NAME)";
				PROVISIONING_PROFILE = "";
				USER_HEADER_SEARCH_PATHS = "";
				WRAPPER_EXTENSION = app;
			};
			name = Release;
		};
		2949CC6C14589C7200728B87 /* Debug */ = {
			isa = XCBuildConfiguration;
			buildSettings = {
				BUNDLE_LOADER = "$(BUILT_PRODUCTS_DIR)/TapTalk.app/TapTalk";
				FRAMEWORK_SEARCH_PATHS = (
					"$(SDKROOT)/Developer/Library/Frameworks",
					"$(DEVELOPER_LIBRARY_DIR)/Frameworks",
				);
				GCC_PRECOMPILE_PREFIX_HEADER = YES;
				GCC_PREFIX_HEADER = "TapTalk/TapTalk-Prefix.pch";
				INFOPLIST_FILE = "TapTalkTests/TapForAllTests-Info.plist";
				PRODUCT_NAME = TapForAllTests;
				TEST_HOST = "$(BUNDLE_LOADER)";
				WRAPPER_EXTENSION = octest;
			};
			name = Debug;
		};
		2949CC6D14589C7200728B87 /* Release */ = {
			isa = XCBuildConfiguration;
			buildSettings = {
				BUNDLE_LOADER = "$(BUILT_PRODUCTS_DIR)/TapTalk.app/TapTalk";
				FRAMEWORK_SEARCH_PATHS = (
					"$(SDKROOT)/Developer/Library/Frameworks",
					"$(DEVELOPER_LIBRARY_DIR)/Frameworks",
				);
				GCC_PRECOMPILE_PREFIX_HEADER = YES;
				GCC_PREFIX_HEADER = "TapTalk/TapTalk-Prefix.pch";
				INFOPLIST_FILE = "TapTalkTests/TapForAllTests-Info.plist";
				PRODUCT_NAME = TapForAllTests;
				TEST_HOST = "$(BUNDLE_LOADER)";
				WRAPPER_EXTENSION = octest;
			};
			name = Release;
		};
/* End XCBuildConfiguration section */

/* Begin XCConfigurationList section */
		2949CC2F14589C7100728B87 /* Build configuration list for PBXProject "TapForAll" */ = {
			isa = XCConfigurationList;
			buildConfigurations = (
				2949CC6614589C7200728B87 /* Debug */,
				2949CC6714589C7200728B87 /* Release */,
			);
			defaultConfigurationIsVisible = 0;
			defaultConfigurationName = Debug;
		};
		2949CC6814589C7200728B87 /* Build configuration list for PBXNativeTarget "TapForAll" */ = {
			isa = XCConfigurationList;
			buildConfigurations = (
				2949CC6914589C7200728B87 /* Debug */,
				2949CC6A14589C7200728B87 /* Release */,
			);
			defaultConfigurationIsVisible = 0;
			defaultConfigurationName = Debug;
		};
		2949CC6B14589C7200728B87 /* Build configuration list for PBXNativeTarget "TapForAllTests" */ = {
			isa = XCConfigurationList;
			buildConfigurations = (
				2949CC6C14589C7200728B87 /* Debug */,
				2949CC6D14589C7200728B87 /* Release */,
			);
			defaultConfigurationIsVisible = 0;
			defaultConfigurationName = Debug;
		};
/* End XCConfigurationList section */

/* Begin XCVersionGroup section */
		2949CC4D14589C7200728B87 /* TapTalk.xcdatamodeld */ = {
			isa = XCVersionGroup;
			children = (
				2949CC4E14589C7200728B87 /* TapTalk.xcdatamodel */,
			);
			currentVersion = 2949CC4E14589C7200728B87 /* TapTalk.xcdatamodel */;
			path = TapTalk.xcdatamodeld;
			sourceTree = "<group>";
			versionGroupType = wrapper.xcdatamodel;
		};
/* End XCVersionGroup section */
	};
	rootObject = 2949CC2C14589C7100728B87 /* Project object */;
}
